{
  "version": 4,
  "terraform_version": "1.5.7",
  "serial": 68,
  "lineage": "8eb265d5-f560-eb7d-6194-8c3c8daeedcc",
  "outputs": {
    "appengine_region": {
      "value": "us-central",
      "type": "string"
    },
    "aws_omni_biglake_connection": {
      "value": "bq_omni_aws_s3",
      "type": "string"
    },
    "aws_omni_biglake_dataset_name": {
      "value": "aws_omni_biglake",
      "type": "string"
    },
    "aws_omni_biglake_dataset_region": {
      "value": "aws-us-east-1",
      "type": "string"
    },
    "aws_omni_biglake_s3_bucket": {
      "value": "REPLACE_ME_AWS_S3_BUCKET_NAME",
      "type": "string"
    },
    "azure_omni_biglake_adls_name": {
      "value": "REPLACE_ME_AZURE_ADLS_NAME",
      "type": "string"
    },
    "azure_omni_biglake_dataset_name": {
      "value": "azure_omni_biglake",
      "type": "string"
    },
    "azure_omni_biglake_dataset_region": {
      "value": "azure-eastus2",
      "type": "string"
    },
    "bigquery_non_multi_region": {
      "value": "us-central1",
      "type": "string"
    },
    "billing_account": {
      "value": "",
      "type": "string"
    },
    "data_catalog_region": {
      "value": "us-central1",
      "type": "string"
    },
    "dataplex_region": {
      "value": "us-central1",
      "type": "string"
    },
    "deployment_service_account": {
      "value": "pkklyaq-nordic-hackathon-1@pkklyaq-nordic-hackathon-1.iam.gserviceaccount.com",
      "type": "string"
    },
    "deployment_service_account_name": {
      "value": "",
      "type": "string"
    },
    "gcp_account_name": {
      "value": "emil.breding@cygni.se",
      "type": "string"
    },
    "local_azure_omni_biglake_connection": {
      "value": "projects/REPLACE_ME_SHARED_DEMO_PROJECT_ID/locations/azure-eastus2/connections/bq_omni_azure_adlsgen2 ",
      "type": "string"
    },
    "local_impersonation_account": {
      "value": "user:emil.breding@cygni.se",
      "type": "string"
    },
    "multi_region": {
      "value": "us",
      "type": "string"
    },
    "org_id": {
      "value": "0",
      "type": "string"
    },
    "project_id": {
      "value": "pkklyaq-nordic-hackathon-1",
      "type": "string"
    },
    "project_number": {
      "value": "614415369016",
      "type": "string"
    },
    "random_string": {
      "value": "08ez4cu3of",
      "type": "string"
    },
    "region": {
      "value": "us-central1",
      "type": "string"
    },
    "shared_demo_project_id": {
      "value": "REPLACE_ME_SHARED_DEMO_PROJECT_ID",
      "type": "string"
    },
    "terraform-output-bucket": {
      "value": "data-beans-code-08ez4cu3of",
      "type": "string"
    },
    "vertex_ai_region": {
      "value": "us-central1",
      "type": "string"
    },
    "zone": {
      "value": "us-central1-a",
      "type": "string"
    }
  },
  "resources": [
    {
      "mode": "managed",
      "type": "random_string",
      "name": "project_random",
      "provider": "provider[\"registry.terraform.io/hashicorp/random\"]",
      "instances": [
        {
          "schema_version": 2,
          "attributes": {
            "id": "08ez4cu3of",
            "keepers": null,
            "length": 10,
            "lower": true,
            "min_lower": 0,
            "min_numeric": 0,
            "min_special": 0,
            "min_upper": 0,
            "number": true,
            "numeric": true,
            "override_special": null,
            "result": "08ez4cu3of",
            "special": false,
            "upper": false
          },
          "sensitive_attributes": []
        }
      ]
    },
    {
      "mode": "managed",
      "type": "time_sleep",
      "name": "service_account_api_activation_time_delay",
      "provider": "provider[\"registry.terraform.io/hashicorp/time\"]",
      "instances": [
        {
          "schema_version": 0,
          "attributes": {
            "create_duration": "120s",
            "destroy_duration": null,
            "id": "2024-05-22T12:12:38Z",
            "triggers": null
          },
          "sensitive_attributes": [],
          "dependencies": [
            "module.apis-batch-enable.google_project_service.service-aiplatform",
            "module.apis-batch-enable.google_project_service.service-analyticshub",
            "module.apis-batch-enable.google_project_service.service-appengine",
            "module.apis-batch-enable.google_project_service.service-artifactregistry",
            "module.apis-batch-enable.google_project_service.service-biglake",
            "module.apis-batch-enable.google_project_service.service-bigqueryconnection",
            "module.apis-batch-enable.google_project_service.service-bigquerydatapolicy",
            "module.apis-batch-enable.google_project_service.service-bigquerydatatransfer",
            "module.apis-batch-enable.google_project_service.service-bigqueryreservation",
            "module.apis-batch-enable.google_project_service.service-bigquerystorage",
            "module.apis-batch-enable.google_project_service.service-cloudbuild",
            "module.apis-batch-enable.google_project_service.service-clouddeploy",
            "module.apis-batch-enable.google_project_service.service-cloudfunctions",
            "module.apis-batch-enable.google_project_service.service-cloudkms",
            "module.apis-batch-enable.google_project_service.service-cloudresourcemanager",
            "module.apis-batch-enable.google_project_service.service-cloudrun",
            "module.apis-batch-enable.google_project_service.service-composer",
            "module.apis-batch-enable.google_project_service.service-compute",
            "module.apis-batch-enable.google_project_service.service-datacatalog",
            "module.apis-batch-enable.google_project_service.service-dataflow",
            "module.apis-batch-enable.google_project_service.service-dataform",
            "module.apis-batch-enable.google_project_service.service-datafusion",
            "module.apis-batch-enable.google_project_service.service-datalineage",
            "module.apis-batch-enable.google_project_service.service-dataplex",
            "module.apis-batch-enable.google_project_service.service-dataproc",
            "module.apis-batch-enable.google_project_service.service-datastream",
            "module.apis-batch-enable.google_project_service.service-metastore",
            "module.apis-batch-enable.google_project_service.service-notebooks",
            "module.apis-batch-enable.google_project_service.service-orgpolicy",
            "module.apis-batch-enable.google_project_service.service-pubsub",
            "module.apis-batch-enable.google_project_service.service-secretmanager",
            "module.apis-batch-enable.google_project_service.service-servicemanagement",
            "module.apis-batch-enable.google_project_service.service-servicenetworking",
            "module.apis-batch-enable.google_project_service.service-serviceusage",
            "module.apis-batch-enable.google_project_service.service-spanner",
            "module.apis-batch-enable.google_project_service.service-speech",
            "module.apis-batch-enable.google_project_service.service-vision",
            "module.apis-batch-enable.google_project_service.service-workflows",
            "module.project.google_project.project",
            "module.service-account.google_organization_iam_member.organization",
            "module.service-account.google_project_iam_member.gcp_account_owner",
            "module.service-account.google_project_iam_member.impersonation_account_owner",
            "module.service-account.google_project_iam_member.service_account_cloud_function_v2",
            "module.service-account.google_project_iam_member.service_account_owner",
            "module.service-account.google_service_account.service_account",
            "module.service-account.google_service_account_iam_member.service_account_impersonation",
            "random_string.project_random"
          ]
        }
      ]
    },
    {
      "module": "module.apis-batch-enable",
      "mode": "managed",
      "type": "google_project_service",
      "name": "service-aiplatform",
      "provider": "provider[\"registry.terraform.io/hashicorp/google-beta\"]",
      "instances": [
        {
          "schema_version": 0,
          "attributes": {
            "disable_dependent_services": null,
            "disable_on_destroy": true,
            "id": "pkklyaq-nordic-hackathon-1/aiplatform.googleapis.com",
            "project": "pkklyaq-nordic-hackathon-1",
            "service": "aiplatform.googleapis.com",
            "timeouts": null
          },
          "sensitive_attributes": [],
          "private": "eyJlMmJmYjczMC1lY2FhLTExZTYtOGY4OC0zNDM2M2JjN2M0YzAiOnsiY3JlYXRlIjoxMjAwMDAwMDAwMDAwLCJkZWxldGUiOjEyMDAwMDAwMDAwMDAsInJlYWQiOjYwMDAwMDAwMDAwMCwidXBkYXRlIjoxMjAwMDAwMDAwMDAwfX0=",
          "dependencies": [
            "module.project.google_project.project",
            "module.service-account.google_organization_iam_member.organization",
            "module.service-account.google_project_iam_member.gcp_account_owner",
            "module.service-account.google_project_iam_member.impersonation_account_owner",
            "module.service-account.google_project_iam_member.service_account_cloud_function_v2",
            "module.service-account.google_project_iam_member.service_account_owner",
            "module.service-account.google_service_account.service_account",
            "module.service-account.google_service_account_iam_member.service_account_impersonation",
            "random_string.project_random"
          ]
        }
      ]
    },
    {
      "module": "module.apis-batch-enable",
      "mode": "managed",
      "type": "google_project_service",
      "name": "service-analyticshub",
      "provider": "provider[\"registry.terraform.io/hashicorp/google-beta\"]",
      "instances": [
        {
          "schema_version": 0,
          "attributes": {
            "disable_dependent_services": null,
            "disable_on_destroy": true,
            "id": "pkklyaq-nordic-hackathon-1/analyticshub.googleapis.com",
            "project": "pkklyaq-nordic-hackathon-1",
            "service": "analyticshub.googleapis.com",
            "timeouts": null
          },
          "sensitive_attributes": [],
          "private": "eyJlMmJmYjczMC1lY2FhLTExZTYtOGY4OC0zNDM2M2JjN2M0YzAiOnsiY3JlYXRlIjoxMjAwMDAwMDAwMDAwLCJkZWxldGUiOjEyMDAwMDAwMDAwMDAsInJlYWQiOjYwMDAwMDAwMDAwMCwidXBkYXRlIjoxMjAwMDAwMDAwMDAwfX0=",
          "dependencies": [
            "module.project.google_project.project",
            "module.service-account.google_organization_iam_member.organization",
            "module.service-account.google_project_iam_member.gcp_account_owner",
            "module.service-account.google_project_iam_member.impersonation_account_owner",
            "module.service-account.google_project_iam_member.service_account_cloud_function_v2",
            "module.service-account.google_project_iam_member.service_account_owner",
            "module.service-account.google_service_account.service_account",
            "module.service-account.google_service_account_iam_member.service_account_impersonation",
            "random_string.project_random"
          ]
        }
      ]
    },
    {
      "module": "module.apis-batch-enable",
      "mode": "managed",
      "type": "google_project_service",
      "name": "service-appengine",
      "provider": "provider[\"registry.terraform.io/hashicorp/google-beta\"]",
      "instances": [
        {
          "schema_version": 0,
          "attributes": {
            "disable_dependent_services": null,
            "disable_on_destroy": true,
            "id": "pkklyaq-nordic-hackathon-1/appengine.googleapis.com",
            "project": "pkklyaq-nordic-hackathon-1",
            "service": "appengine.googleapis.com",
            "timeouts": null
          },
          "sensitive_attributes": [],
          "private": "eyJlMmJmYjczMC1lY2FhLTExZTYtOGY4OC0zNDM2M2JjN2M0YzAiOnsiY3JlYXRlIjoxMjAwMDAwMDAwMDAwLCJkZWxldGUiOjEyMDAwMDAwMDAwMDAsInJlYWQiOjYwMDAwMDAwMDAwMCwidXBkYXRlIjoxMjAwMDAwMDAwMDAwfX0=",
          "dependencies": [
            "module.project.google_project.project",
            "module.service-account.google_organization_iam_member.organization",
            "module.service-account.google_project_iam_member.gcp_account_owner",
            "module.service-account.google_project_iam_member.impersonation_account_owner",
            "module.service-account.google_project_iam_member.service_account_cloud_function_v2",
            "module.service-account.google_project_iam_member.service_account_owner",
            "module.service-account.google_service_account.service_account",
            "module.service-account.google_service_account_iam_member.service_account_impersonation",
            "random_string.project_random"
          ]
        }
      ]
    },
    {
      "module": "module.apis-batch-enable",
      "mode": "managed",
      "type": "google_project_service",
      "name": "service-artifactregistry",
      "provider": "provider[\"registry.terraform.io/hashicorp/google-beta\"]",
      "instances": [
        {
          "schema_version": 0,
          "attributes": {
            "disable_dependent_services": null,
            "disable_on_destroy": true,
            "id": "pkklyaq-nordic-hackathon-1/artifactregistry.googleapis.com",
            "project": "pkklyaq-nordic-hackathon-1",
            "service": "artifactregistry.googleapis.com",
            "timeouts": null
          },
          "sensitive_attributes": [],
          "private": "eyJlMmJmYjczMC1lY2FhLTExZTYtOGY4OC0zNDM2M2JjN2M0YzAiOnsiY3JlYXRlIjoxMjAwMDAwMDAwMDAwLCJkZWxldGUiOjEyMDAwMDAwMDAwMDAsInJlYWQiOjYwMDAwMDAwMDAwMCwidXBkYXRlIjoxMjAwMDAwMDAwMDAwfX0=",
          "dependencies": [
            "module.project.google_project.project",
            "module.service-account.google_organization_iam_member.organization",
            "module.service-account.google_project_iam_member.gcp_account_owner",
            "module.service-account.google_project_iam_member.impersonation_account_owner",
            "module.service-account.google_project_iam_member.service_account_cloud_function_v2",
            "module.service-account.google_project_iam_member.service_account_owner",
            "module.service-account.google_service_account.service_account",
            "module.service-account.google_service_account_iam_member.service_account_impersonation",
            "random_string.project_random"
          ]
        }
      ]
    },
    {
      "module": "module.apis-batch-enable",
      "mode": "managed",
      "type": "google_project_service",
      "name": "service-biglake",
      "provider": "provider[\"registry.terraform.io/hashicorp/google-beta\"]",
      "instances": [
        {
          "schema_version": 0,
          "attributes": {
            "disable_dependent_services": null,
            "disable_on_destroy": true,
            "id": "pkklyaq-nordic-hackathon-1/biglake.googleapis.com",
            "project": "pkklyaq-nordic-hackathon-1",
            "service": "biglake.googleapis.com",
            "timeouts": null
          },
          "sensitive_attributes": [],
          "private": "eyJlMmJmYjczMC1lY2FhLTExZTYtOGY4OC0zNDM2M2JjN2M0YzAiOnsiY3JlYXRlIjoxMjAwMDAwMDAwMDAwLCJkZWxldGUiOjEyMDAwMDAwMDAwMDAsInJlYWQiOjYwMDAwMDAwMDAwMCwidXBkYXRlIjoxMjAwMDAwMDAwMDAwfX0=",
          "dependencies": [
            "module.project.google_project.project",
            "module.service-account.google_organization_iam_member.organization",
            "module.service-account.google_project_iam_member.gcp_account_owner",
            "module.service-account.google_project_iam_member.impersonation_account_owner",
            "module.service-account.google_project_iam_member.service_account_cloud_function_v2",
            "module.service-account.google_project_iam_member.service_account_owner",
            "module.service-account.google_service_account.service_account",
            "module.service-account.google_service_account_iam_member.service_account_impersonation",
            "random_string.project_random"
          ]
        }
      ]
    },
    {
      "module": "module.apis-batch-enable",
      "mode": "managed",
      "type": "google_project_service",
      "name": "service-bigqueryconnection",
      "provider": "provider[\"registry.terraform.io/hashicorp/google-beta\"]",
      "instances": [
        {
          "schema_version": 0,
          "attributes": {
            "disable_dependent_services": null,
            "disable_on_destroy": true,
            "id": "pkklyaq-nordic-hackathon-1/bigqueryconnection.googleapis.com",
            "project": "pkklyaq-nordic-hackathon-1",
            "service": "bigqueryconnection.googleapis.com",
            "timeouts": null
          },
          "sensitive_attributes": [],
          "private": "eyJlMmJmYjczMC1lY2FhLTExZTYtOGY4OC0zNDM2M2JjN2M0YzAiOnsiY3JlYXRlIjoxMjAwMDAwMDAwMDAwLCJkZWxldGUiOjEyMDAwMDAwMDAwMDAsInJlYWQiOjYwMDAwMDAwMDAwMCwidXBkYXRlIjoxMjAwMDAwMDAwMDAwfX0=",
          "dependencies": [
            "module.project.google_project.project",
            "module.service-account.google_organization_iam_member.organization",
            "module.service-account.google_project_iam_member.gcp_account_owner",
            "module.service-account.google_project_iam_member.impersonation_account_owner",
            "module.service-account.google_project_iam_member.service_account_cloud_function_v2",
            "module.service-account.google_project_iam_member.service_account_owner",
            "module.service-account.google_service_account.service_account",
            "module.service-account.google_service_account_iam_member.service_account_impersonation",
            "random_string.project_random"
          ]
        }
      ]
    },
    {
      "module": "module.apis-batch-enable",
      "mode": "managed",
      "type": "google_project_service",
      "name": "service-bigquerydatapolicy",
      "provider": "provider[\"registry.terraform.io/hashicorp/google-beta\"]",
      "instances": [
        {
          "schema_version": 0,
          "attributes": {
            "disable_dependent_services": null,
            "disable_on_destroy": true,
            "id": "pkklyaq-nordic-hackathon-1/bigquerydatapolicy.googleapis.com",
            "project": "pkklyaq-nordic-hackathon-1",
            "service": "bigquerydatapolicy.googleapis.com",
            "timeouts": null
          },
          "sensitive_attributes": [],
          "private": "eyJlMmJmYjczMC1lY2FhLTExZTYtOGY4OC0zNDM2M2JjN2M0YzAiOnsiY3JlYXRlIjoxMjAwMDAwMDAwMDAwLCJkZWxldGUiOjEyMDAwMDAwMDAwMDAsInJlYWQiOjYwMDAwMDAwMDAwMCwidXBkYXRlIjoxMjAwMDAwMDAwMDAwfX0=",
          "dependencies": [
            "module.project.google_project.project",
            "module.service-account.google_organization_iam_member.organization",
            "module.service-account.google_project_iam_member.gcp_account_owner",
            "module.service-account.google_project_iam_member.impersonation_account_owner",
            "module.service-account.google_project_iam_member.service_account_cloud_function_v2",
            "module.service-account.google_project_iam_member.service_account_owner",
            "module.service-account.google_service_account.service_account",
            "module.service-account.google_service_account_iam_member.service_account_impersonation",
            "random_string.project_random"
          ]
        }
      ]
    },
    {
      "module": "module.apis-batch-enable",
      "mode": "managed",
      "type": "google_project_service",
      "name": "service-bigquerydatatransfer",
      "provider": "provider[\"registry.terraform.io/hashicorp/google-beta\"]",
      "instances": [
        {
          "schema_version": 0,
          "attributes": {
            "disable_dependent_services": null,
            "disable_on_destroy": true,
            "id": "pkklyaq-nordic-hackathon-1/bigquerydatatransfer.googleapis.com",
            "project": "pkklyaq-nordic-hackathon-1",
            "service": "bigquerydatatransfer.googleapis.com",
            "timeouts": null
          },
          "sensitive_attributes": [],
          "private": "eyJlMmJmYjczMC1lY2FhLTExZTYtOGY4OC0zNDM2M2JjN2M0YzAiOnsiY3JlYXRlIjoxMjAwMDAwMDAwMDAwLCJkZWxldGUiOjEyMDAwMDAwMDAwMDAsInJlYWQiOjYwMDAwMDAwMDAwMCwidXBkYXRlIjoxMjAwMDAwMDAwMDAwfX0=",
          "dependencies": [
            "module.project.google_project.project",
            "module.service-account.google_organization_iam_member.organization",
            "module.service-account.google_project_iam_member.gcp_account_owner",
            "module.service-account.google_project_iam_member.impersonation_account_owner",
            "module.service-account.google_project_iam_member.service_account_cloud_function_v2",
            "module.service-account.google_project_iam_member.service_account_owner",
            "module.service-account.google_service_account.service_account",
            "module.service-account.google_service_account_iam_member.service_account_impersonation",
            "random_string.project_random"
          ]
        }
      ]
    },
    {
      "module": "module.apis-batch-enable",
      "mode": "managed",
      "type": "google_project_service",
      "name": "service-bigqueryreservation",
      "provider": "provider[\"registry.terraform.io/hashicorp/google-beta\"]",
      "instances": [
        {
          "schema_version": 0,
          "attributes": {
            "disable_dependent_services": null,
            "disable_on_destroy": true,
            "id": "pkklyaq-nordic-hackathon-1/bigqueryreservation.googleapis.com",
            "project": "pkklyaq-nordic-hackathon-1",
            "service": "bigqueryreservation.googleapis.com",
            "timeouts": null
          },
          "sensitive_attributes": [],
          "private": "eyJlMmJmYjczMC1lY2FhLTExZTYtOGY4OC0zNDM2M2JjN2M0YzAiOnsiY3JlYXRlIjoxMjAwMDAwMDAwMDAwLCJkZWxldGUiOjEyMDAwMDAwMDAwMDAsInJlYWQiOjYwMDAwMDAwMDAwMCwidXBkYXRlIjoxMjAwMDAwMDAwMDAwfX0=",
          "dependencies": [
            "module.project.google_project.project",
            "module.service-account.google_organization_iam_member.organization",
            "module.service-account.google_project_iam_member.gcp_account_owner",
            "module.service-account.google_project_iam_member.impersonation_account_owner",
            "module.service-account.google_project_iam_member.service_account_cloud_function_v2",
            "module.service-account.google_project_iam_member.service_account_owner",
            "module.service-account.google_service_account.service_account",
            "module.service-account.google_service_account_iam_member.service_account_impersonation",
            "random_string.project_random"
          ]
        }
      ]
    },
    {
      "module": "module.apis-batch-enable",
      "mode": "managed",
      "type": "google_project_service",
      "name": "service-bigquerystorage",
      "provider": "provider[\"registry.terraform.io/hashicorp/google-beta\"]",
      "instances": [
        {
          "schema_version": 0,
          "attributes": {
            "disable_dependent_services": null,
            "disable_on_destroy": true,
            "id": "pkklyaq-nordic-hackathon-1/bigquerystorage.googleapis.com",
            "project": "pkklyaq-nordic-hackathon-1",
            "service": "bigquerystorage.googleapis.com",
            "timeouts": null
          },
          "sensitive_attributes": [],
          "private": "eyJlMmJmYjczMC1lY2FhLTExZTYtOGY4OC0zNDM2M2JjN2M0YzAiOnsiY3JlYXRlIjoxMjAwMDAwMDAwMDAwLCJkZWxldGUiOjEyMDAwMDAwMDAwMDAsInJlYWQiOjYwMDAwMDAwMDAwMCwidXBkYXRlIjoxMjAwMDAwMDAwMDAwfX0=",
          "dependencies": [
            "module.project.google_project.project",
            "module.service-account.google_organization_iam_member.organization",
            "module.service-account.google_project_iam_member.gcp_account_owner",
            "module.service-account.google_project_iam_member.impersonation_account_owner",
            "module.service-account.google_project_iam_member.service_account_cloud_function_v2",
            "module.service-account.google_project_iam_member.service_account_owner",
            "module.service-account.google_service_account.service_account",
            "module.service-account.google_service_account_iam_member.service_account_impersonation",
            "random_string.project_random"
          ]
        }
      ]
    },
    {
      "module": "module.apis-batch-enable",
      "mode": "managed",
      "type": "google_project_service",
      "name": "service-cloudbuild",
      "provider": "provider[\"registry.terraform.io/hashicorp/google-beta\"]",
      "instances": [
        {
          "schema_version": 0,
          "attributes": {
            "disable_dependent_services": null,
            "disable_on_destroy": true,
            "id": "pkklyaq-nordic-hackathon-1/cloudbuild.googleapis.com",
            "project": "pkklyaq-nordic-hackathon-1",
            "service": "cloudbuild.googleapis.com",
            "timeouts": null
          },
          "sensitive_attributes": [],
          "private": "eyJlMmJmYjczMC1lY2FhLTExZTYtOGY4OC0zNDM2M2JjN2M0YzAiOnsiY3JlYXRlIjoxMjAwMDAwMDAwMDAwLCJkZWxldGUiOjEyMDAwMDAwMDAwMDAsInJlYWQiOjYwMDAwMDAwMDAwMCwidXBkYXRlIjoxMjAwMDAwMDAwMDAwfX0=",
          "dependencies": [
            "module.project.google_project.project",
            "module.service-account.google_organization_iam_member.organization",
            "module.service-account.google_project_iam_member.gcp_account_owner",
            "module.service-account.google_project_iam_member.impersonation_account_owner",
            "module.service-account.google_project_iam_member.service_account_cloud_function_v2",
            "module.service-account.google_project_iam_member.service_account_owner",
            "module.service-account.google_service_account.service_account",
            "module.service-account.google_service_account_iam_member.service_account_impersonation",
            "random_string.project_random"
          ]
        }
      ]
    },
    {
      "module": "module.apis-batch-enable",
      "mode": "managed",
      "type": "google_project_service",
      "name": "service-clouddeploy",
      "provider": "provider[\"registry.terraform.io/hashicorp/google-beta\"]",
      "instances": [
        {
          "schema_version": 0,
          "attributes": {
            "disable_dependent_services": null,
            "disable_on_destroy": true,
            "id": "pkklyaq-nordic-hackathon-1/clouddeploy.googleapis.com",
            "project": "pkklyaq-nordic-hackathon-1",
            "service": "clouddeploy.googleapis.com",
            "timeouts": null
          },
          "sensitive_attributes": [],
          "private": "eyJlMmJmYjczMC1lY2FhLTExZTYtOGY4OC0zNDM2M2JjN2M0YzAiOnsiY3JlYXRlIjoxMjAwMDAwMDAwMDAwLCJkZWxldGUiOjEyMDAwMDAwMDAwMDAsInJlYWQiOjYwMDAwMDAwMDAwMCwidXBkYXRlIjoxMjAwMDAwMDAwMDAwfX0=",
          "dependencies": [
            "module.project.google_project.project",
            "module.service-account.google_organization_iam_member.organization",
            "module.service-account.google_project_iam_member.gcp_account_owner",
            "module.service-account.google_project_iam_member.impersonation_account_owner",
            "module.service-account.google_project_iam_member.service_account_cloud_function_v2",
            "module.service-account.google_project_iam_member.service_account_owner",
            "module.service-account.google_service_account.service_account",
            "module.service-account.google_service_account_iam_member.service_account_impersonation",
            "random_string.project_random"
          ]
        }
      ]
    },
    {
      "module": "module.apis-batch-enable",
      "mode": "managed",
      "type": "google_project_service",
      "name": "service-cloudfunctions",
      "provider": "provider[\"registry.terraform.io/hashicorp/google-beta\"]",
      "instances": [
        {
          "schema_version": 0,
          "attributes": {
            "disable_dependent_services": null,
            "disable_on_destroy": true,
            "id": "pkklyaq-nordic-hackathon-1/cloudfunctions.googleapis.com",
            "project": "pkklyaq-nordic-hackathon-1",
            "service": "cloudfunctions.googleapis.com",
            "timeouts": null
          },
          "sensitive_attributes": [],
          "private": "eyJlMmJmYjczMC1lY2FhLTExZTYtOGY4OC0zNDM2M2JjN2M0YzAiOnsiY3JlYXRlIjoxMjAwMDAwMDAwMDAwLCJkZWxldGUiOjEyMDAwMDAwMDAwMDAsInJlYWQiOjYwMDAwMDAwMDAwMCwidXBkYXRlIjoxMjAwMDAwMDAwMDAwfX0=",
          "dependencies": [
            "module.project.google_project.project",
            "module.service-account.google_organization_iam_member.organization",
            "module.service-account.google_project_iam_member.gcp_account_owner",
            "module.service-account.google_project_iam_member.impersonation_account_owner",
            "module.service-account.google_project_iam_member.service_account_cloud_function_v2",
            "module.service-account.google_project_iam_member.service_account_owner",
            "module.service-account.google_service_account.service_account",
            "module.service-account.google_service_account_iam_member.service_account_impersonation",
            "random_string.project_random"
          ]
        }
      ]
    },
    {
      "module": "module.apis-batch-enable",
      "mode": "managed",
      "type": "google_project_service",
      "name": "service-cloudkms",
      "provider": "provider[\"registry.terraform.io/hashicorp/google-beta\"]",
      "instances": [
        {
          "schema_version": 0,
          "attributes": {
            "disable_dependent_services": null,
            "disable_on_destroy": true,
            "id": "pkklyaq-nordic-hackathon-1/cloudkms.googleapis.com",
            "project": "pkklyaq-nordic-hackathon-1",
            "service": "cloudkms.googleapis.com",
            "timeouts": null
          },
          "sensitive_attributes": [],
          "private": "eyJlMmJmYjczMC1lY2FhLTExZTYtOGY4OC0zNDM2M2JjN2M0YzAiOnsiY3JlYXRlIjoxMjAwMDAwMDAwMDAwLCJkZWxldGUiOjEyMDAwMDAwMDAwMDAsInJlYWQiOjYwMDAwMDAwMDAwMCwidXBkYXRlIjoxMjAwMDAwMDAwMDAwfX0=",
          "dependencies": [
            "module.project.google_project.project",
            "module.service-account.google_organization_iam_member.organization",
            "module.service-account.google_project_iam_member.gcp_account_owner",
            "module.service-account.google_project_iam_member.impersonation_account_owner",
            "module.service-account.google_project_iam_member.service_account_cloud_function_v2",
            "module.service-account.google_project_iam_member.service_account_owner",
            "module.service-account.google_service_account.service_account",
            "module.service-account.google_service_account_iam_member.service_account_impersonation",
            "random_string.project_random"
          ]
        }
      ]
    },
    {
      "module": "module.apis-batch-enable",
      "mode": "managed",
      "type": "google_project_service",
      "name": "service-cloudresourcemanager",
      "provider": "provider[\"registry.terraform.io/hashicorp/google-beta\"]",
      "instances": [
        {
          "schema_version": 0,
          "attributes": {
            "disable_dependent_services": null,
            "disable_on_destroy": true,
            "id": "pkklyaq-nordic-hackathon-1/cloudresourcemanager.googleapis.com",
            "project": "pkklyaq-nordic-hackathon-1",
            "service": "cloudresourcemanager.googleapis.com",
            "timeouts": null
          },
          "sensitive_attributes": [],
          "private": "eyJlMmJmYjczMC1lY2FhLTExZTYtOGY4OC0zNDM2M2JjN2M0YzAiOnsiY3JlYXRlIjoxMjAwMDAwMDAwMDAwLCJkZWxldGUiOjEyMDAwMDAwMDAwMDAsInJlYWQiOjYwMDAwMDAwMDAwMCwidXBkYXRlIjoxMjAwMDAwMDAwMDAwfX0=",
          "dependencies": [
            "module.project.google_project.project",
            "module.service-account.google_organization_iam_member.organization",
            "module.service-account.google_project_iam_member.gcp_account_owner",
            "module.service-account.google_project_iam_member.impersonation_account_owner",
            "module.service-account.google_project_iam_member.service_account_cloud_function_v2",
            "module.service-account.google_project_iam_member.service_account_owner",
            "module.service-account.google_service_account.service_account",
            "module.service-account.google_service_account_iam_member.service_account_impersonation",
            "random_string.project_random"
          ]
        }
      ]
    },
    {
      "module": "module.apis-batch-enable",
      "mode": "managed",
      "type": "google_project_service",
      "name": "service-cloudrun",
      "provider": "provider[\"registry.terraform.io/hashicorp/google-beta\"]",
      "instances": [
        {
          "schema_version": 0,
          "attributes": {
            "disable_dependent_services": null,
            "disable_on_destroy": true,
            "id": "pkklyaq-nordic-hackathon-1/run.googleapis.com",
            "project": "pkklyaq-nordic-hackathon-1",
            "service": "run.googleapis.com",
            "timeouts": null
          },
          "sensitive_attributes": [],
          "private": "eyJlMmJmYjczMC1lY2FhLTExZTYtOGY4OC0zNDM2M2JjN2M0YzAiOnsiY3JlYXRlIjoxMjAwMDAwMDAwMDAwLCJkZWxldGUiOjEyMDAwMDAwMDAwMDAsInJlYWQiOjYwMDAwMDAwMDAwMCwidXBkYXRlIjoxMjAwMDAwMDAwMDAwfX0=",
          "dependencies": [
            "module.project.google_project.project",
            "module.service-account.google_organization_iam_member.organization",
            "module.service-account.google_project_iam_member.gcp_account_owner",
            "module.service-account.google_project_iam_member.impersonation_account_owner",
            "module.service-account.google_project_iam_member.service_account_cloud_function_v2",
            "module.service-account.google_project_iam_member.service_account_owner",
            "module.service-account.google_service_account.service_account",
            "module.service-account.google_service_account_iam_member.service_account_impersonation",
            "random_string.project_random"
          ]
        }
      ]
    },
    {
      "module": "module.apis-batch-enable",
      "mode": "managed",
      "type": "google_project_service",
      "name": "service-composer",
      "provider": "provider[\"registry.terraform.io/hashicorp/google-beta\"]",
      "instances": [
        {
          "schema_version": 0,
          "attributes": {
            "disable_dependent_services": null,
            "disable_on_destroy": true,
            "id": "pkklyaq-nordic-hackathon-1/composer.googleapis.com",
            "project": "pkklyaq-nordic-hackathon-1",
            "service": "composer.googleapis.com",
            "timeouts": null
          },
          "sensitive_attributes": [],
          "private": "eyJlMmJmYjczMC1lY2FhLTExZTYtOGY4OC0zNDM2M2JjN2M0YzAiOnsiY3JlYXRlIjoxMjAwMDAwMDAwMDAwLCJkZWxldGUiOjEyMDAwMDAwMDAwMDAsInJlYWQiOjYwMDAwMDAwMDAwMCwidXBkYXRlIjoxMjAwMDAwMDAwMDAwfX0=",
          "dependencies": [
            "module.project.google_project.project",
            "module.service-account.google_organization_iam_member.organization",
            "module.service-account.google_project_iam_member.gcp_account_owner",
            "module.service-account.google_project_iam_member.impersonation_account_owner",
            "module.service-account.google_project_iam_member.service_account_cloud_function_v2",
            "module.service-account.google_project_iam_member.service_account_owner",
            "module.service-account.google_service_account.service_account",
            "module.service-account.google_service_account_iam_member.service_account_impersonation",
            "random_string.project_random"
          ]
        }
      ]
    },
    {
      "module": "module.apis-batch-enable",
      "mode": "managed",
      "type": "google_project_service",
      "name": "service-compute",
      "provider": "provider[\"registry.terraform.io/hashicorp/google-beta\"]",
      "instances": [
        {
          "schema_version": 0,
          "attributes": {
            "disable_dependent_services": null,
            "disable_on_destroy": true,
            "id": "pkklyaq-nordic-hackathon-1/compute.googleapis.com",
            "project": "pkklyaq-nordic-hackathon-1",
            "service": "compute.googleapis.com",
            "timeouts": null
          },
          "sensitive_attributes": [],
          "private": "eyJlMmJmYjczMC1lY2FhLTExZTYtOGY4OC0zNDM2M2JjN2M0YzAiOnsiY3JlYXRlIjoxMjAwMDAwMDAwMDAwLCJkZWxldGUiOjEyMDAwMDAwMDAwMDAsInJlYWQiOjYwMDAwMDAwMDAwMCwidXBkYXRlIjoxMjAwMDAwMDAwMDAwfX0=",
          "dependencies": [
            "module.project.google_project.project",
            "module.service-account.google_organization_iam_member.organization",
            "module.service-account.google_project_iam_member.gcp_account_owner",
            "module.service-account.google_project_iam_member.impersonation_account_owner",
            "module.service-account.google_project_iam_member.service_account_cloud_function_v2",
            "module.service-account.google_project_iam_member.service_account_owner",
            "module.service-account.google_service_account.service_account",
            "module.service-account.google_service_account_iam_member.service_account_impersonation",
            "random_string.project_random"
          ]
        }
      ]
    },
    {
      "module": "module.apis-batch-enable",
      "mode": "managed",
      "type": "google_project_service",
      "name": "service-datacatalog",
      "provider": "provider[\"registry.terraform.io/hashicorp/google-beta\"]",
      "instances": [
        {
          "schema_version": 0,
          "attributes": {
            "disable_dependent_services": null,
            "disable_on_destroy": true,
            "id": "pkklyaq-nordic-hackathon-1/datacatalog.googleapis.com",
            "project": "pkklyaq-nordic-hackathon-1",
            "service": "datacatalog.googleapis.com",
            "timeouts": null
          },
          "sensitive_attributes": [],
          "private": "eyJlMmJmYjczMC1lY2FhLTExZTYtOGY4OC0zNDM2M2JjN2M0YzAiOnsiY3JlYXRlIjoxMjAwMDAwMDAwMDAwLCJkZWxldGUiOjEyMDAwMDAwMDAwMDAsInJlYWQiOjYwMDAwMDAwMDAwMCwidXBkYXRlIjoxMjAwMDAwMDAwMDAwfX0=",
          "dependencies": [
            "module.project.google_project.project",
            "module.service-account.google_organization_iam_member.organization",
            "module.service-account.google_project_iam_member.gcp_account_owner",
            "module.service-account.google_project_iam_member.impersonation_account_owner",
            "module.service-account.google_project_iam_member.service_account_cloud_function_v2",
            "module.service-account.google_project_iam_member.service_account_owner",
            "module.service-account.google_service_account.service_account",
            "module.service-account.google_service_account_iam_member.service_account_impersonation",
            "random_string.project_random"
          ]
        }
      ]
    },
    {
      "module": "module.apis-batch-enable",
      "mode": "managed",
      "type": "google_project_service",
      "name": "service-dataflow",
      "provider": "provider[\"registry.terraform.io/hashicorp/google-beta\"]",
      "instances": [
        {
          "schema_version": 0,
          "attributes": {
            "disable_dependent_services": null,
            "disable_on_destroy": true,
            "id": "pkklyaq-nordic-hackathon-1/dataflow.googleapis.com",
            "project": "pkklyaq-nordic-hackathon-1",
            "service": "dataflow.googleapis.com",
            "timeouts": null
          },
          "sensitive_attributes": [],
          "private": "eyJlMmJmYjczMC1lY2FhLTExZTYtOGY4OC0zNDM2M2JjN2M0YzAiOnsiY3JlYXRlIjoxMjAwMDAwMDAwMDAwLCJkZWxldGUiOjEyMDAwMDAwMDAwMDAsInJlYWQiOjYwMDAwMDAwMDAwMCwidXBkYXRlIjoxMjAwMDAwMDAwMDAwfX0=",
          "dependencies": [
            "module.project.google_project.project",
            "module.service-account.google_organization_iam_member.organization",
            "module.service-account.google_project_iam_member.gcp_account_owner",
            "module.service-account.google_project_iam_member.impersonation_account_owner",
            "module.service-account.google_project_iam_member.service_account_cloud_function_v2",
            "module.service-account.google_project_iam_member.service_account_owner",
            "module.service-account.google_service_account.service_account",
            "module.service-account.google_service_account_iam_member.service_account_impersonation",
            "random_string.project_random"
          ]
        }
      ]
    },
    {
      "module": "module.apis-batch-enable",
      "mode": "managed",
      "type": "google_project_service",
      "name": "service-dataform",
      "provider": "provider[\"registry.terraform.io/hashicorp/google-beta\"]",
      "instances": [
        {
          "schema_version": 0,
          "attributes": {
            "disable_dependent_services": null,
            "disable_on_destroy": true,
            "id": "pkklyaq-nordic-hackathon-1/dataform.googleapis.com",
            "project": "pkklyaq-nordic-hackathon-1",
            "service": "dataform.googleapis.com",
            "timeouts": null
          },
          "sensitive_attributes": [],
          "private": "eyJlMmJmYjczMC1lY2FhLTExZTYtOGY4OC0zNDM2M2JjN2M0YzAiOnsiY3JlYXRlIjoxMjAwMDAwMDAwMDAwLCJkZWxldGUiOjEyMDAwMDAwMDAwMDAsInJlYWQiOjYwMDAwMDAwMDAwMCwidXBkYXRlIjoxMjAwMDAwMDAwMDAwfX0=",
          "dependencies": [
            "module.project.google_project.project",
            "module.service-account.google_organization_iam_member.organization",
            "module.service-account.google_project_iam_member.gcp_account_owner",
            "module.service-account.google_project_iam_member.impersonation_account_owner",
            "module.service-account.google_project_iam_member.service_account_cloud_function_v2",
            "module.service-account.google_project_iam_member.service_account_owner",
            "module.service-account.google_service_account.service_account",
            "module.service-account.google_service_account_iam_member.service_account_impersonation",
            "random_string.project_random"
          ]
        }
      ]
    },
    {
      "module": "module.apis-batch-enable",
      "mode": "managed",
      "type": "google_project_service",
      "name": "service-datafusion",
      "provider": "provider[\"registry.terraform.io/hashicorp/google-beta\"]",
      "instances": [
        {
          "schema_version": 0,
          "attributes": {
            "disable_dependent_services": null,
            "disable_on_destroy": true,
            "id": "pkklyaq-nordic-hackathon-1/datafusion.googleapis.com",
            "project": "pkklyaq-nordic-hackathon-1",
            "service": "datafusion.googleapis.com",
            "timeouts": null
          },
          "sensitive_attributes": [],
          "private": "eyJlMmJmYjczMC1lY2FhLTExZTYtOGY4OC0zNDM2M2JjN2M0YzAiOnsiY3JlYXRlIjoxMjAwMDAwMDAwMDAwLCJkZWxldGUiOjEyMDAwMDAwMDAwMDAsInJlYWQiOjYwMDAwMDAwMDAwMCwidXBkYXRlIjoxMjAwMDAwMDAwMDAwfX0=",
          "dependencies": [
            "module.project.google_project.project",
            "module.service-account.google_organization_iam_member.organization",
            "module.service-account.google_project_iam_member.gcp_account_owner",
            "module.service-account.google_project_iam_member.impersonation_account_owner",
            "module.service-account.google_project_iam_member.service_account_cloud_function_v2",
            "module.service-account.google_project_iam_member.service_account_owner",
            "module.service-account.google_service_account.service_account",
            "module.service-account.google_service_account_iam_member.service_account_impersonation",
            "random_string.project_random"
          ]
        }
      ]
    },
    {
      "module": "module.apis-batch-enable",
      "mode": "managed",
      "type": "google_project_service",
      "name": "service-datalineage",
      "provider": "provider[\"registry.terraform.io/hashicorp/google-beta\"]",
      "instances": [
        {
          "schema_version": 0,
          "attributes": {
            "disable_dependent_services": null,
            "disable_on_destroy": true,
            "id": "pkklyaq-nordic-hackathon-1/datalineage.googleapis.com",
            "project": "pkklyaq-nordic-hackathon-1",
            "service": "datalineage.googleapis.com",
            "timeouts": null
          },
          "sensitive_attributes": [],
          "private": "eyJlMmJmYjczMC1lY2FhLTExZTYtOGY4OC0zNDM2M2JjN2M0YzAiOnsiY3JlYXRlIjoxMjAwMDAwMDAwMDAwLCJkZWxldGUiOjEyMDAwMDAwMDAwMDAsInJlYWQiOjYwMDAwMDAwMDAwMCwidXBkYXRlIjoxMjAwMDAwMDAwMDAwfX0=",
          "dependencies": [
            "module.project.google_project.project",
            "module.service-account.google_organization_iam_member.organization",
            "module.service-account.google_project_iam_member.gcp_account_owner",
            "module.service-account.google_project_iam_member.impersonation_account_owner",
            "module.service-account.google_project_iam_member.service_account_cloud_function_v2",
            "module.service-account.google_project_iam_member.service_account_owner",
            "module.service-account.google_service_account.service_account",
            "module.service-account.google_service_account_iam_member.service_account_impersonation",
            "random_string.project_random"
          ]
        }
      ]
    },
    {
      "module": "module.apis-batch-enable",
      "mode": "managed",
      "type": "google_project_service",
      "name": "service-dataplex",
      "provider": "provider[\"registry.terraform.io/hashicorp/google-beta\"]",
      "instances": [
        {
          "schema_version": 0,
          "attributes": {
            "disable_dependent_services": null,
            "disable_on_destroy": true,
            "id": "pkklyaq-nordic-hackathon-1/dataplex.googleapis.com",
            "project": "pkklyaq-nordic-hackathon-1",
            "service": "dataplex.googleapis.com",
            "timeouts": null
          },
          "sensitive_attributes": [],
          "private": "eyJlMmJmYjczMC1lY2FhLTExZTYtOGY4OC0zNDM2M2JjN2M0YzAiOnsiY3JlYXRlIjoxMjAwMDAwMDAwMDAwLCJkZWxldGUiOjEyMDAwMDAwMDAwMDAsInJlYWQiOjYwMDAwMDAwMDAwMCwidXBkYXRlIjoxMjAwMDAwMDAwMDAwfX0=",
          "dependencies": [
            "module.project.google_project.project",
            "module.service-account.google_organization_iam_member.organization",
            "module.service-account.google_project_iam_member.gcp_account_owner",
            "module.service-account.google_project_iam_member.impersonation_account_owner",
            "module.service-account.google_project_iam_member.service_account_cloud_function_v2",
            "module.service-account.google_project_iam_member.service_account_owner",
            "module.service-account.google_service_account.service_account",
            "module.service-account.google_service_account_iam_member.service_account_impersonation",
            "random_string.project_random"
          ]
        }
      ]
    },
    {
      "module": "module.apis-batch-enable",
      "mode": "managed",
      "type": "google_project_service",
      "name": "service-dataproc",
      "provider": "provider[\"registry.terraform.io/hashicorp/google-beta\"]",
      "instances": [
        {
          "schema_version": 0,
          "attributes": {
            "disable_dependent_services": null,
            "disable_on_destroy": true,
            "id": "pkklyaq-nordic-hackathon-1/dataproc.googleapis.com",
            "project": "pkklyaq-nordic-hackathon-1",
            "service": "dataproc.googleapis.com",
            "timeouts": null
          },
          "sensitive_attributes": [],
          "private": "eyJlMmJmYjczMC1lY2FhLTExZTYtOGY4OC0zNDM2M2JjN2M0YzAiOnsiY3JlYXRlIjoxMjAwMDAwMDAwMDAwLCJkZWxldGUiOjEyMDAwMDAwMDAwMDAsInJlYWQiOjYwMDAwMDAwMDAwMCwidXBkYXRlIjoxMjAwMDAwMDAwMDAwfX0=",
          "dependencies": [
            "module.project.google_project.project",
            "module.service-account.google_organization_iam_member.organization",
            "module.service-account.google_project_iam_member.gcp_account_owner",
            "module.service-account.google_project_iam_member.impersonation_account_owner",
            "module.service-account.google_project_iam_member.service_account_cloud_function_v2",
            "module.service-account.google_project_iam_member.service_account_owner",
            "module.service-account.google_service_account.service_account",
            "module.service-account.google_service_account_iam_member.service_account_impersonation",
            "random_string.project_random"
          ]
        }
      ]
    },
    {
      "module": "module.apis-batch-enable",
      "mode": "managed",
      "type": "google_project_service",
      "name": "service-datastream",
      "provider": "provider[\"registry.terraform.io/hashicorp/google-beta\"]",
      "instances": [
        {
          "schema_version": 0,
          "attributes": {
            "disable_dependent_services": null,
            "disable_on_destroy": true,
            "id": "pkklyaq-nordic-hackathon-1/datastream.googleapis.com",
            "project": "pkklyaq-nordic-hackathon-1",
            "service": "datastream.googleapis.com",
            "timeouts": null
          },
          "sensitive_attributes": [],
          "private": "eyJlMmJmYjczMC1lY2FhLTExZTYtOGY4OC0zNDM2M2JjN2M0YzAiOnsiY3JlYXRlIjoxMjAwMDAwMDAwMDAwLCJkZWxldGUiOjEyMDAwMDAwMDAwMDAsInJlYWQiOjYwMDAwMDAwMDAwMCwidXBkYXRlIjoxMjAwMDAwMDAwMDAwfX0=",
          "dependencies": [
            "module.project.google_project.project",
            "module.service-account.google_organization_iam_member.organization",
            "module.service-account.google_project_iam_member.gcp_account_owner",
            "module.service-account.google_project_iam_member.impersonation_account_owner",
            "module.service-account.google_project_iam_member.service_account_cloud_function_v2",
            "module.service-account.google_project_iam_member.service_account_owner",
            "module.service-account.google_service_account.service_account",
            "module.service-account.google_service_account_iam_member.service_account_impersonation",
            "random_string.project_random"
          ]
        }
      ]
    },
    {
      "module": "module.apis-batch-enable",
      "mode": "managed",
      "type": "google_project_service",
      "name": "service-metastore",
      "provider": "provider[\"registry.terraform.io/hashicorp/google-beta\"]",
      "instances": [
        {
          "schema_version": 0,
          "attributes": {
            "disable_dependent_services": null,
            "disable_on_destroy": true,
            "id": "pkklyaq-nordic-hackathon-1/metastore.googleapis.com",
            "project": "pkklyaq-nordic-hackathon-1",
            "service": "metastore.googleapis.com",
            "timeouts": null
          },
          "sensitive_attributes": [],
          "private": "eyJlMmJmYjczMC1lY2FhLTExZTYtOGY4OC0zNDM2M2JjN2M0YzAiOnsiY3JlYXRlIjoxMjAwMDAwMDAwMDAwLCJkZWxldGUiOjEyMDAwMDAwMDAwMDAsInJlYWQiOjYwMDAwMDAwMDAwMCwidXBkYXRlIjoxMjAwMDAwMDAwMDAwfX0=",
          "dependencies": [
            "module.project.google_project.project",
            "module.service-account.google_organization_iam_member.organization",
            "module.service-account.google_project_iam_member.gcp_account_owner",
            "module.service-account.google_project_iam_member.impersonation_account_owner",
            "module.service-account.google_project_iam_member.service_account_cloud_function_v2",
            "module.service-account.google_project_iam_member.service_account_owner",
            "module.service-account.google_service_account.service_account",
            "module.service-account.google_service_account_iam_member.service_account_impersonation",
            "random_string.project_random"
          ]
        }
      ]
    },
    {
      "module": "module.apis-batch-enable",
      "mode": "managed",
      "type": "google_project_service",
      "name": "service-notebooks",
      "provider": "provider[\"registry.terraform.io/hashicorp/google-beta\"]",
      "instances": [
        {
          "schema_version": 0,
          "attributes": {
            "disable_dependent_services": null,
            "disable_on_destroy": true,
            "id": "pkklyaq-nordic-hackathon-1/notebooks.googleapis.com",
            "project": "pkklyaq-nordic-hackathon-1",
            "service": "notebooks.googleapis.com",
            "timeouts": null
          },
          "sensitive_attributes": [],
          "private": "eyJlMmJmYjczMC1lY2FhLTExZTYtOGY4OC0zNDM2M2JjN2M0YzAiOnsiY3JlYXRlIjoxMjAwMDAwMDAwMDAwLCJkZWxldGUiOjEyMDAwMDAwMDAwMDAsInJlYWQiOjYwMDAwMDAwMDAwMCwidXBkYXRlIjoxMjAwMDAwMDAwMDAwfX0=",
          "dependencies": [
            "module.project.google_project.project",
            "module.service-account.google_organization_iam_member.organization",
            "module.service-account.google_project_iam_member.gcp_account_owner",
            "module.service-account.google_project_iam_member.impersonation_account_owner",
            "module.service-account.google_project_iam_member.service_account_cloud_function_v2",
            "module.service-account.google_project_iam_member.service_account_owner",
            "module.service-account.google_service_account.service_account",
            "module.service-account.google_service_account_iam_member.service_account_impersonation",
            "random_string.project_random"
          ]
        }
      ]
    },
    {
      "module": "module.apis-batch-enable",
      "mode": "managed",
      "type": "google_project_service",
      "name": "service-orgpolicy",
      "provider": "provider[\"registry.terraform.io/hashicorp/google-beta\"]",
      "instances": [
        {
          "schema_version": 0,
          "attributes": {
            "disable_dependent_services": null,
            "disable_on_destroy": true,
            "id": "pkklyaq-nordic-hackathon-1/orgpolicy.googleapis.com",
            "project": "pkklyaq-nordic-hackathon-1",
            "service": "orgpolicy.googleapis.com",
            "timeouts": null
          },
          "sensitive_attributes": [],
          "private": "eyJlMmJmYjczMC1lY2FhLTExZTYtOGY4OC0zNDM2M2JjN2M0YzAiOnsiY3JlYXRlIjoxMjAwMDAwMDAwMDAwLCJkZWxldGUiOjEyMDAwMDAwMDAwMDAsInJlYWQiOjYwMDAwMDAwMDAwMCwidXBkYXRlIjoxMjAwMDAwMDAwMDAwfX0=",
          "dependencies": [
            "module.project.google_project.project",
            "module.service-account.google_organization_iam_member.organization",
            "module.service-account.google_project_iam_member.gcp_account_owner",
            "module.service-account.google_project_iam_member.impersonation_account_owner",
            "module.service-account.google_project_iam_member.service_account_cloud_function_v2",
            "module.service-account.google_project_iam_member.service_account_owner",
            "module.service-account.google_service_account.service_account",
            "module.service-account.google_service_account_iam_member.service_account_impersonation",
            "random_string.project_random"
          ]
        }
      ]
    },
    {
      "module": "module.apis-batch-enable",
      "mode": "managed",
      "type": "google_project_service",
      "name": "service-pubsub",
      "provider": "provider[\"registry.terraform.io/hashicorp/google-beta\"]",
      "instances": [
        {
          "schema_version": 0,
          "attributes": {
            "disable_dependent_services": null,
            "disable_on_destroy": true,
            "id": "pkklyaq-nordic-hackathon-1/pubsub.googleapis.com",
            "project": "pkklyaq-nordic-hackathon-1",
            "service": "pubsub.googleapis.com",
            "timeouts": null
          },
          "sensitive_attributes": [],
          "private": "eyJlMmJmYjczMC1lY2FhLTExZTYtOGY4OC0zNDM2M2JjN2M0YzAiOnsiY3JlYXRlIjoxMjAwMDAwMDAwMDAwLCJkZWxldGUiOjEyMDAwMDAwMDAwMDAsInJlYWQiOjYwMDAwMDAwMDAwMCwidXBkYXRlIjoxMjAwMDAwMDAwMDAwfX0=",
          "dependencies": [
            "module.project.google_project.project",
            "module.service-account.google_organization_iam_member.organization",
            "module.service-account.google_project_iam_member.gcp_account_owner",
            "module.service-account.google_project_iam_member.impersonation_account_owner",
            "module.service-account.google_project_iam_member.service_account_cloud_function_v2",
            "module.service-account.google_project_iam_member.service_account_owner",
            "module.service-account.google_service_account.service_account",
            "module.service-account.google_service_account_iam_member.service_account_impersonation",
            "random_string.project_random"
          ]
        }
      ]
    },
    {
      "module": "module.apis-batch-enable",
      "mode": "managed",
      "type": "google_project_service",
      "name": "service-secretmanager",
      "provider": "provider[\"registry.terraform.io/hashicorp/google-beta\"]",
      "instances": [
        {
          "schema_version": 0,
          "attributes": {
            "disable_dependent_services": null,
            "disable_on_destroy": true,
            "id": "pkklyaq-nordic-hackathon-1/secretmanager.googleapis.com",
            "project": "pkklyaq-nordic-hackathon-1",
            "service": "secretmanager.googleapis.com",
            "timeouts": null
          },
          "sensitive_attributes": [],
          "private": "eyJlMmJmYjczMC1lY2FhLTExZTYtOGY4OC0zNDM2M2JjN2M0YzAiOnsiY3JlYXRlIjoxMjAwMDAwMDAwMDAwLCJkZWxldGUiOjEyMDAwMDAwMDAwMDAsInJlYWQiOjYwMDAwMDAwMDAwMCwidXBkYXRlIjoxMjAwMDAwMDAwMDAwfX0=",
          "dependencies": [
            "module.project.google_project.project",
            "module.service-account.google_organization_iam_member.organization",
            "module.service-account.google_project_iam_member.gcp_account_owner",
            "module.service-account.google_project_iam_member.impersonation_account_owner",
            "module.service-account.google_project_iam_member.service_account_cloud_function_v2",
            "module.service-account.google_project_iam_member.service_account_owner",
            "module.service-account.google_service_account.service_account",
            "module.service-account.google_service_account_iam_member.service_account_impersonation",
            "random_string.project_random"
          ]
        }
      ]
    },
    {
      "module": "module.apis-batch-enable",
      "mode": "managed",
      "type": "google_project_service",
      "name": "service-servicemanagement",
      "provider": "provider[\"registry.terraform.io/hashicorp/google-beta\"]",
      "instances": [
        {
          "schema_version": 0,
          "attributes": {
            "disable_dependent_services": null,
            "disable_on_destroy": true,
            "id": "pkklyaq-nordic-hackathon-1/servicemanagement.googleapis.com",
            "project": "pkklyaq-nordic-hackathon-1",
            "service": "servicemanagement.googleapis.com",
            "timeouts": null
          },
          "sensitive_attributes": [],
          "private": "eyJlMmJmYjczMC1lY2FhLTExZTYtOGY4OC0zNDM2M2JjN2M0YzAiOnsiY3JlYXRlIjoxMjAwMDAwMDAwMDAwLCJkZWxldGUiOjEyMDAwMDAwMDAwMDAsInJlYWQiOjYwMDAwMDAwMDAwMCwidXBkYXRlIjoxMjAwMDAwMDAwMDAwfX0=",
          "dependencies": [
            "module.project.google_project.project",
            "module.service-account.google_organization_iam_member.organization",
            "module.service-account.google_project_iam_member.gcp_account_owner",
            "module.service-account.google_project_iam_member.impersonation_account_owner",
            "module.service-account.google_project_iam_member.service_account_cloud_function_v2",
            "module.service-account.google_project_iam_member.service_account_owner",
            "module.service-account.google_service_account.service_account",
            "module.service-account.google_service_account_iam_member.service_account_impersonation",
            "random_string.project_random"
          ]
        }
      ]
    },
    {
      "module": "module.apis-batch-enable",
      "mode": "managed",
      "type": "google_project_service",
      "name": "service-servicenetworking",
      "provider": "provider[\"registry.terraform.io/hashicorp/google-beta\"]",
      "instances": [
        {
          "schema_version": 0,
          "attributes": {
            "disable_dependent_services": null,
            "disable_on_destroy": true,
            "id": "pkklyaq-nordic-hackathon-1/servicenetworking.googleapis.com",
            "project": "pkklyaq-nordic-hackathon-1",
            "service": "servicenetworking.googleapis.com",
            "timeouts": null
          },
          "sensitive_attributes": [],
          "private": "eyJlMmJmYjczMC1lY2FhLTExZTYtOGY4OC0zNDM2M2JjN2M0YzAiOnsiY3JlYXRlIjoxMjAwMDAwMDAwMDAwLCJkZWxldGUiOjEyMDAwMDAwMDAwMDAsInJlYWQiOjYwMDAwMDAwMDAwMCwidXBkYXRlIjoxMjAwMDAwMDAwMDAwfX0=",
          "dependencies": [
            "module.project.google_project.project",
            "module.service-account.google_organization_iam_member.organization",
            "module.service-account.google_project_iam_member.gcp_account_owner",
            "module.service-account.google_project_iam_member.impersonation_account_owner",
            "module.service-account.google_project_iam_member.service_account_cloud_function_v2",
            "module.service-account.google_project_iam_member.service_account_owner",
            "module.service-account.google_service_account.service_account",
            "module.service-account.google_service_account_iam_member.service_account_impersonation",
            "random_string.project_random"
          ]
        }
      ]
    },
    {
      "module": "module.apis-batch-enable",
      "mode": "managed",
      "type": "google_project_service",
      "name": "service-serviceusage",
      "provider": "provider[\"registry.terraform.io/hashicorp/google-beta\"]",
      "instances": [
        {
          "schema_version": 0,
          "attributes": {
            "disable_dependent_services": null,
            "disable_on_destroy": true,
            "id": "pkklyaq-nordic-hackathon-1/serviceusage.googleapis.com",
            "project": "pkklyaq-nordic-hackathon-1",
            "service": "serviceusage.googleapis.com",
            "timeouts": null
          },
          "sensitive_attributes": [],
          "private": "eyJlMmJmYjczMC1lY2FhLTExZTYtOGY4OC0zNDM2M2JjN2M0YzAiOnsiY3JlYXRlIjoxMjAwMDAwMDAwMDAwLCJkZWxldGUiOjEyMDAwMDAwMDAwMDAsInJlYWQiOjYwMDAwMDAwMDAwMCwidXBkYXRlIjoxMjAwMDAwMDAwMDAwfX0=",
          "dependencies": [
            "module.project.google_project.project",
            "module.service-account.google_organization_iam_member.organization",
            "module.service-account.google_project_iam_member.gcp_account_owner",
            "module.service-account.google_project_iam_member.impersonation_account_owner",
            "module.service-account.google_project_iam_member.service_account_cloud_function_v2",
            "module.service-account.google_project_iam_member.service_account_owner",
            "module.service-account.google_service_account.service_account",
            "module.service-account.google_service_account_iam_member.service_account_impersonation",
            "random_string.project_random"
          ]
        }
      ]
    },
    {
      "module": "module.apis-batch-enable",
      "mode": "managed",
      "type": "google_project_service",
      "name": "service-spanner",
      "provider": "provider[\"registry.terraform.io/hashicorp/google-beta\"]",
      "instances": [
        {
          "schema_version": 0,
          "attributes": {
            "disable_dependent_services": null,
            "disable_on_destroy": true,
            "id": "pkklyaq-nordic-hackathon-1/spanner.googleapis.com",
            "project": "pkklyaq-nordic-hackathon-1",
            "service": "spanner.googleapis.com",
            "timeouts": null
          },
          "sensitive_attributes": [],
          "private": "eyJlMmJmYjczMC1lY2FhLTExZTYtOGY4OC0zNDM2M2JjN2M0YzAiOnsiY3JlYXRlIjoxMjAwMDAwMDAwMDAwLCJkZWxldGUiOjEyMDAwMDAwMDAwMDAsInJlYWQiOjYwMDAwMDAwMDAwMCwidXBkYXRlIjoxMjAwMDAwMDAwMDAwfX0=",
          "dependencies": [
            "module.project.google_project.project",
            "module.service-account.google_organization_iam_member.organization",
            "module.service-account.google_project_iam_member.gcp_account_owner",
            "module.service-account.google_project_iam_member.impersonation_account_owner",
            "module.service-account.google_project_iam_member.service_account_cloud_function_v2",
            "module.service-account.google_project_iam_member.service_account_owner",
            "module.service-account.google_service_account.service_account",
            "module.service-account.google_service_account_iam_member.service_account_impersonation",
            "random_string.project_random"
          ]
        }
      ]
    },
    {
      "module": "module.apis-batch-enable",
      "mode": "managed",
      "type": "google_project_service",
      "name": "service-speech",
      "provider": "provider[\"registry.terraform.io/hashicorp/google-beta\"]",
      "instances": [
        {
          "schema_version": 0,
          "attributes": {
            "disable_dependent_services": null,
            "disable_on_destroy": true,
            "id": "pkklyaq-nordic-hackathon-1/speech.googleapis.com",
            "project": "pkklyaq-nordic-hackathon-1",
            "service": "speech.googleapis.com",
            "timeouts": null
          },
          "sensitive_attributes": [],
          "private": "eyJlMmJmYjczMC1lY2FhLTExZTYtOGY4OC0zNDM2M2JjN2M0YzAiOnsiY3JlYXRlIjoxMjAwMDAwMDAwMDAwLCJkZWxldGUiOjEyMDAwMDAwMDAwMDAsInJlYWQiOjYwMDAwMDAwMDAwMCwidXBkYXRlIjoxMjAwMDAwMDAwMDAwfX0=",
          "dependencies": [
            "module.project.google_project.project",
            "module.service-account.google_organization_iam_member.organization",
            "module.service-account.google_project_iam_member.gcp_account_owner",
            "module.service-account.google_project_iam_member.impersonation_account_owner",
            "module.service-account.google_project_iam_member.service_account_cloud_function_v2",
            "module.service-account.google_project_iam_member.service_account_owner",
            "module.service-account.google_service_account.service_account",
            "module.service-account.google_service_account_iam_member.service_account_impersonation",
            "random_string.project_random"
          ]
        }
      ]
    },
    {
      "module": "module.apis-batch-enable",
      "mode": "managed",
      "type": "google_project_service",
      "name": "service-vision",
      "provider": "provider[\"registry.terraform.io/hashicorp/google-beta\"]",
      "instances": [
        {
          "schema_version": 0,
          "attributes": {
            "disable_dependent_services": null,
            "disable_on_destroy": true,
            "id": "pkklyaq-nordic-hackathon-1/vision.googleapis.com",
            "project": "pkklyaq-nordic-hackathon-1",
            "service": "vision.googleapis.com",
            "timeouts": null
          },
          "sensitive_attributes": [],
          "private": "eyJlMmJmYjczMC1lY2FhLTExZTYtOGY4OC0zNDM2M2JjN2M0YzAiOnsiY3JlYXRlIjoxMjAwMDAwMDAwMDAwLCJkZWxldGUiOjEyMDAwMDAwMDAwMDAsInJlYWQiOjYwMDAwMDAwMDAwMCwidXBkYXRlIjoxMjAwMDAwMDAwMDAwfX0=",
          "dependencies": [
            "module.project.google_project.project",
            "module.service-account.google_organization_iam_member.organization",
            "module.service-account.google_project_iam_member.gcp_account_owner",
            "module.service-account.google_project_iam_member.impersonation_account_owner",
            "module.service-account.google_project_iam_member.service_account_cloud_function_v2",
            "module.service-account.google_project_iam_member.service_account_owner",
            "module.service-account.google_service_account.service_account",
            "module.service-account.google_service_account_iam_member.service_account_impersonation",
            "random_string.project_random"
          ]
        }
      ]
    },
    {
      "module": "module.apis-batch-enable",
      "mode": "managed",
      "type": "google_project_service",
      "name": "service-workflows",
      "provider": "provider[\"registry.terraform.io/hashicorp/google-beta\"]",
      "instances": [
        {
          "schema_version": 0,
          "attributes": {
            "disable_dependent_services": null,
            "disable_on_destroy": true,
            "id": "pkklyaq-nordic-hackathon-1/workflows.googleapis.com",
            "project": "pkklyaq-nordic-hackathon-1",
            "service": "workflows.googleapis.com",
            "timeouts": null
          },
          "sensitive_attributes": [],
          "private": "eyJlMmJmYjczMC1lY2FhLTExZTYtOGY4OC0zNDM2M2JjN2M0YzAiOnsiY3JlYXRlIjoxMjAwMDAwMDAwMDAwLCJkZWxldGUiOjEyMDAwMDAwMDAwMDAsInJlYWQiOjYwMDAwMDAwMDAwMCwidXBkYXRlIjoxMjAwMDAwMDAwMDAwfX0=",
          "dependencies": [
            "module.project.google_project.project",
            "module.service-account.google_organization_iam_member.organization",
            "module.service-account.google_project_iam_member.gcp_account_owner",
            "module.service-account.google_project_iam_member.impersonation_account_owner",
            "module.service-account.google_project_iam_member.service_account_cloud_function_v2",
            "module.service-account.google_project_iam_member.service_account_owner",
            "module.service-account.google_service_account.service_account",
            "module.service-account.google_service_account_iam_member.service_account_impersonation",
            "random_string.project_random"
          ]
        }
      ]
    },
    {
      "module": "module.resources",
      "mode": "data",
      "type": "google_client_config",
      "name": "current",
      "provider": "provider[\"registry.terraform.io/hashicorp/google-beta\"].service_principal_impersonation",
      "instances": [
        {
          "schema_version": 0,
          "attributes": {
            "access_token": "ya29.c.c0AY_VpZjK-3MG3X4Ta05AGme1z68iyLPt8ub0bwVOGc3pbg5iXXCT7tNI9UzVQJUq6g17lYpgS3g3hOoS2O3WubYMPBvIxqX2CDGMLhw-kRpgkZlDDyBftsvFqH_Oj-9y8mHkHyw8D70QFujH3yjM0QXQMyeysNZhbWBsPm1dGXQPkzIxJkAum0u6_2J54sNxB4x3pK5unrBro9d133ClnsVpYS7yjQQJwGsxh4J5ZVE9xQ1NuzHQaVCvlY0M57JPMd7wbV2p3iNnIK9I0W3ZVXAPS6lETUd75tKxSZP_4ETkwSsi3_Mqr0TPWrSNPyZPKm2kztGg0EbobHBaolTnSei3qnDzQOII6D9j42pYgGbU8ablJVo89X86E5hAE2OXnF2PikFy6wgXSUrFW0B2Ub7U-1ETY1Kp3mOxvwZ6GkOcWTWbeUVi-CstTSQLHr9yQ-fj4R_jadUavVVz8xSyBE8uIqA_qRjuF863AgWqlKzHhAZ_0IGLwGT8M7ZGo23otzG-NhWbw7x1R7-cSNDsMKS5x4Eb2fFM12cmW5anl2YmRTuJ4OIVms0Xx1DvV_cmzumjDDVaQlromuBzPcxELQqtU--7xkkRaA6A3jXFPxvKDXtz5gZAPeuN5n97bR0TJwlXg9R3eDVLK2g99hrxL669C3WhzhZmSOzdvqfyU6S0IJtyYbf3s0mchSa8Wpj1p-t_wWyk56WY1Sx6q0qWy49_QM7juJF5vhvv_l1qlqZqSXmFS0ecy_MzhIl8WvaqJF00dgkuV7xoy3mUV4578S305-SfQy4iJdmntl8eZ7WdBRzbFcV55V4QbsRioISOXOQjcrzfc6fcd2ZXbQboJwS1p4M31Jql91uWfWBx3YkccW-wfgzR6959YS0JhYelqO_9fr2c5aYhd3U7ef81WRoQy38keIwrwg9g876ueocBXSwi0IBsWtBxIak5n1x4eakhyb00bx9k2bXwOx_bya4hvZVYs-4vqUZRXWfUe3ej-zpwOfgFzgS",
            "id": "projects/\"pkklyaq-nordic-hackathon-1\"/regions/\"us-central1\"/zones/\"us-central1-a\"",
            "project": "pkklyaq-nordic-hackathon-1",
            "region": "us-central1",
            "zone": "us-central1-a"
          },
          "sensitive_attributes": []
        }
      ]
    },
    {
      "module": "module.resources",
      "mode": "managed",
      "type": "google_bigquery_connection",
      "name": "vertex_ai_connection",
      "provider": "provider[\"registry.terraform.io/hashicorp/google-beta\"].service_principal_impersonation",
      "instances": [
        {
          "schema_version": 0,
          "attributes": {
            "aws": [],
            "azure": [],
            "cloud_resource": [
              {
                "service_account_id": "bqcx-614415369016-biyk@gcp-sa-bigquery-condel.iam.gserviceaccount.com"
              }
            ],
            "cloud_spanner": [],
            "cloud_sql": [],
            "connection_id": "vertex-ai",
            "description": "vertex-ai",
            "friendly_name": "vertex-ai",
            "has_credential": false,
            "id": "projects/pkklyaq-nordic-hackathon-1/locations/us/connections/vertex-ai",
            "kms_key_name": "",
            "location": "us",
            "name": "projects/614415369016/locations/us/connections/vertex-ai",
            "project": "pkklyaq-nordic-hackathon-1",
            "spark": [],
            "timeouts": null
          },
          "sensitive_attributes": [],
          "private": "eyJlMmJmYjczMC1lY2FhLTExZTYtOGY4OC0zNDM2M2JjN2M0YzAiOnsiY3JlYXRlIjoxMjAwMDAwMDAwMDAwLCJkZWxldGUiOjEyMDAwMDAwMDAwMDAsInVwZGF0ZSI6MTIwMDAwMDAwMDAwMH19",
          "dependencies": [
            "module.apis-batch-enable.google_project_service.service-aiplatform",
            "module.apis-batch-enable.google_project_service.service-analyticshub",
            "module.apis-batch-enable.google_project_service.service-appengine",
            "module.apis-batch-enable.google_project_service.service-artifactregistry",
            "module.apis-batch-enable.google_project_service.service-biglake",
            "module.apis-batch-enable.google_project_service.service-bigqueryconnection",
            "module.apis-batch-enable.google_project_service.service-bigquerydatapolicy",
            "module.apis-batch-enable.google_project_service.service-bigquerydatatransfer",
            "module.apis-batch-enable.google_project_service.service-bigqueryreservation",
            "module.apis-batch-enable.google_project_service.service-bigquerystorage",
            "module.apis-batch-enable.google_project_service.service-cloudbuild",
            "module.apis-batch-enable.google_project_service.service-clouddeploy",
            "module.apis-batch-enable.google_project_service.service-cloudfunctions",
            "module.apis-batch-enable.google_project_service.service-cloudkms",
            "module.apis-batch-enable.google_project_service.service-cloudresourcemanager",
            "module.apis-batch-enable.google_project_service.service-cloudrun",
            "module.apis-batch-enable.google_project_service.service-composer",
            "module.apis-batch-enable.google_project_service.service-compute",
            "module.apis-batch-enable.google_project_service.service-datacatalog",
            "module.apis-batch-enable.google_project_service.service-dataflow",
            "module.apis-batch-enable.google_project_service.service-dataform",
            "module.apis-batch-enable.google_project_service.service-datafusion",
            "module.apis-batch-enable.google_project_service.service-datalineage",
            "module.apis-batch-enable.google_project_service.service-dataplex",
            "module.apis-batch-enable.google_project_service.service-dataproc",
            "module.apis-batch-enable.google_project_service.service-datastream",
            "module.apis-batch-enable.google_project_service.service-metastore",
            "module.apis-batch-enable.google_project_service.service-notebooks",
            "module.apis-batch-enable.google_project_service.service-orgpolicy",
            "module.apis-batch-enable.google_project_service.service-pubsub",
            "module.apis-batch-enable.google_project_service.service-secretmanager",
            "module.apis-batch-enable.google_project_service.service-servicemanagement",
            "module.apis-batch-enable.google_project_service.service-servicenetworking",
            "module.apis-batch-enable.google_project_service.service-serviceusage",
            "module.apis-batch-enable.google_project_service.service-spanner",
            "module.apis-batch-enable.google_project_service.service-speech",
            "module.apis-batch-enable.google_project_service.service-vision",
            "module.apis-batch-enable.google_project_service.service-workflows",
            "module.project.google_project.project",
            "module.service-account.google_organization_iam_member.organization",
            "module.service-account.google_project_iam_member.gcp_account_owner",
            "module.service-account.google_project_iam_member.impersonation_account_owner",
            "module.service-account.google_project_iam_member.service_account_cloud_function_v2",
            "module.service-account.google_project_iam_member.service_account_owner",
            "module.service-account.google_service_account.service_account",
            "module.service-account.google_service_account_iam_member.service_account_impersonation",
            "random_string.project_random",
            "time_sleep.service_account_api_activation_time_delay"
          ]
        }
      ]
    },
    {
      "module": "module.resources",
      "mode": "managed",
      "type": "google_bigquery_dataset",
      "name": "google_bigquery_dataset_data_beans_curated",
      "provider": "provider[\"registry.terraform.io/hashicorp/google-beta\"].service_principal_impersonation",
      "instances": [
        {
          "schema_version": 0,
          "attributes": {
            "access": [
              {
                "dataset": [],
                "domain": "",
                "group_by_email": "",
                "iam_member": "",
                "role": "OWNER",
                "routine": [],
                "special_group": "",
                "user_by_email": "pkklyaq-nordic-hackathon-1@pkklyaq-nordic-hackathon-1.iam.gserviceaccount.com",
                "view": []
              },
              {
                "dataset": [],
                "domain": "",
                "group_by_email": "",
                "iam_member": "",
                "role": "OWNER",
                "routine": [],
                "special_group": "projectOwners",
                "user_by_email": "",
                "view": []
              },
              {
                "dataset": [],
                "domain": "",
                "group_by_email": "",
                "iam_member": "",
                "role": "READER",
                "routine": [],
                "special_group": "projectReaders",
                "user_by_email": "",
                "view": []
              },
              {
                "dataset": [],
                "domain": "",
                "group_by_email": "",
                "iam_member": "",
                "role": "WRITER",
                "routine": [],
                "special_group": "projectWriters",
                "user_by_email": "",
                "view": []
              }
            ],
            "creation_time": 1716379959657,
            "dataset_id": "data_beans_curated",
            "default_collation": "",
            "default_encryption_configuration": [],
            "default_partition_expiration_ms": 0,
            "default_table_expiration_ms": 0,
            "delete_contents_on_destroy": false,
            "description": "This dataset contains the curated data for the data beans demo.",
            "effective_labels": {},
            "etag": "E6v7Fuc9qBWCBjd98k4K0g==",
            "external_dataset_reference": [],
            "friendly_name": "data_beans_curated",
            "id": "projects/pkklyaq-nordic-hackathon-1/datasets/data_beans_curated",
            "is_case_insensitive": false,
            "labels": {},
            "last_modified_time": 1716379959657,
            "location": "US",
            "max_time_travel_hours": "",
            "project": "pkklyaq-nordic-hackathon-1",
            "self_link": "https://bigquery.googleapis.com/bigquery/v2/projects/pkklyaq-nordic-hackathon-1/datasets/data_beans_curated",
            "storage_billing_model": "",
            "terraform_labels": {},
            "timeouts": null
          },
          "sensitive_attributes": [],
          "private": "eyJlMmJmYjczMC1lY2FhLTExZTYtOGY4OC0zNDM2M2JjN2M0YzAiOnsiY3JlYXRlIjoxMjAwMDAwMDAwMDAwLCJkZWxldGUiOjEyMDAwMDAwMDAwMDAsInVwZGF0ZSI6MTIwMDAwMDAwMDAwMH19",
          "dependencies": [
            "module.apis-batch-enable.google_project_service.service-aiplatform",
            "module.apis-batch-enable.google_project_service.service-analyticshub",
            "module.apis-batch-enable.google_project_service.service-appengine",
            "module.apis-batch-enable.google_project_service.service-artifactregistry",
            "module.apis-batch-enable.google_project_service.service-biglake",
            "module.apis-batch-enable.google_project_service.service-bigqueryconnection",
            "module.apis-batch-enable.google_project_service.service-bigquerydatapolicy",
            "module.apis-batch-enable.google_project_service.service-bigquerydatatransfer",
            "module.apis-batch-enable.google_project_service.service-bigqueryreservation",
            "module.apis-batch-enable.google_project_service.service-bigquerystorage",
            "module.apis-batch-enable.google_project_service.service-cloudbuild",
            "module.apis-batch-enable.google_project_service.service-clouddeploy",
            "module.apis-batch-enable.google_project_service.service-cloudfunctions",
            "module.apis-batch-enable.google_project_service.service-cloudkms",
            "module.apis-batch-enable.google_project_service.service-cloudresourcemanager",
            "module.apis-batch-enable.google_project_service.service-cloudrun",
            "module.apis-batch-enable.google_project_service.service-composer",
            "module.apis-batch-enable.google_project_service.service-compute",
            "module.apis-batch-enable.google_project_service.service-datacatalog",
            "module.apis-batch-enable.google_project_service.service-dataflow",
            "module.apis-batch-enable.google_project_service.service-dataform",
            "module.apis-batch-enable.google_project_service.service-datafusion",
            "module.apis-batch-enable.google_project_service.service-datalineage",
            "module.apis-batch-enable.google_project_service.service-dataplex",
            "module.apis-batch-enable.google_project_service.service-dataproc",
            "module.apis-batch-enable.google_project_service.service-datastream",
            "module.apis-batch-enable.google_project_service.service-metastore",
            "module.apis-batch-enable.google_project_service.service-notebooks",
            "module.apis-batch-enable.google_project_service.service-orgpolicy",
            "module.apis-batch-enable.google_project_service.service-pubsub",
            "module.apis-batch-enable.google_project_service.service-secretmanager",
            "module.apis-batch-enable.google_project_service.service-servicemanagement",
            "module.apis-batch-enable.google_project_service.service-servicenetworking",
            "module.apis-batch-enable.google_project_service.service-serviceusage",
            "module.apis-batch-enable.google_project_service.service-spanner",
            "module.apis-batch-enable.google_project_service.service-speech",
            "module.apis-batch-enable.google_project_service.service-vision",
            "module.apis-batch-enable.google_project_service.service-workflows",
            "module.project.google_project.project",
            "module.service-account.google_organization_iam_member.organization",
            "module.service-account.google_project_iam_member.gcp_account_owner",
            "module.service-account.google_project_iam_member.impersonation_account_owner",
            "module.service-account.google_project_iam_member.service_account_cloud_function_v2",
            "module.service-account.google_project_iam_member.service_account_owner",
            "module.service-account.google_service_account.service_account",
            "module.service-account.google_service_account_iam_member.service_account_impersonation",
            "random_string.project_random",
            "time_sleep.service_account_api_activation_time_delay"
          ]
        }
      ]
    },
    {
      "module": "module.resources",
      "mode": "managed",
      "type": "google_compute_firewall",
      "name": "subnet_firewall_rule",
      "provider": "provider[\"registry.terraform.io/hashicorp/google-beta\"].service_principal_impersonation",
      "instances": [
        {
          "schema_version": 1,
          "attributes": {
            "allow": [
              {
                "ports": [],
                "protocol": "icmp"
              },
              {
                "ports": [],
                "protocol": "tcp"
              },
              {
                "ports": [],
                "protocol": "udp"
              }
            ],
            "creation_timestamp": "2024-05-22T05:41:06.534-07:00",
            "deny": [],
            "description": "",
            "destination_ranges": [],
            "direction": "INGRESS",
            "disabled": false,
            "enable_logging": null,
            "id": "projects/pkklyaq-nordic-hackathon-1/global/firewalls/subnet-nat-firewall",
            "log_config": [],
            "name": "subnet-nat-firewall",
            "network": "https://www.googleapis.com/compute/v1/projects/pkklyaq-nordic-hackathon-1/global/networks/vpc-main",
            "priority": 1000,
            "project": "pkklyaq-nordic-hackathon-1",
            "self_link": "https://www.googleapis.com/compute/v1/projects/pkklyaq-nordic-hackathon-1/global/firewalls/subnet-nat-firewall",
            "source_ranges": [
              "10.1.0.0/16"
            ],
            "source_service_accounts": null,
            "source_tags": null,
            "target_service_accounts": null,
            "target_tags": null,
            "timeouts": null
          },
          "sensitive_attributes": [],
          "private": "eyJlMmJmYjczMC1lY2FhLTExZTYtOGY4OC0zNDM2M2JjN2M0YzAiOnsiY3JlYXRlIjoxMjAwMDAwMDAwMDAwLCJkZWxldGUiOjEyMDAwMDAwMDAwMDAsInVwZGF0ZSI6MTIwMDAwMDAwMDAwMH0sInNjaGVtYV92ZXJzaW9uIjoiMSJ9",
          "dependencies": [
            "module.apis-batch-enable.google_project_service.service-aiplatform",
            "module.apis-batch-enable.google_project_service.service-analyticshub",
            "module.apis-batch-enable.google_project_service.service-appengine",
            "module.apis-batch-enable.google_project_service.service-artifactregistry",
            "module.apis-batch-enable.google_project_service.service-biglake",
            "module.apis-batch-enable.google_project_service.service-bigqueryconnection",
            "module.apis-batch-enable.google_project_service.service-bigquerydatapolicy",
            "module.apis-batch-enable.google_project_service.service-bigquerydatatransfer",
            "module.apis-batch-enable.google_project_service.service-bigqueryreservation",
            "module.apis-batch-enable.google_project_service.service-bigquerystorage",
            "module.apis-batch-enable.google_project_service.service-cloudbuild",
            "module.apis-batch-enable.google_project_service.service-clouddeploy",
            "module.apis-batch-enable.google_project_service.service-cloudfunctions",
            "module.apis-batch-enable.google_project_service.service-cloudkms",
            "module.apis-batch-enable.google_project_service.service-cloudresourcemanager",
            "module.apis-batch-enable.google_project_service.service-cloudrun",
            "module.apis-batch-enable.google_project_service.service-composer",
            "module.apis-batch-enable.google_project_service.service-compute",
            "module.apis-batch-enable.google_project_service.service-datacatalog",
            "module.apis-batch-enable.google_project_service.service-dataflow",
            "module.apis-batch-enable.google_project_service.service-dataform",
            "module.apis-batch-enable.google_project_service.service-datafusion",
            "module.apis-batch-enable.google_project_service.service-datalineage",
            "module.apis-batch-enable.google_project_service.service-dataplex",
            "module.apis-batch-enable.google_project_service.service-dataproc",
            "module.apis-batch-enable.google_project_service.service-datastream",
            "module.apis-batch-enable.google_project_service.service-metastore",
            "module.apis-batch-enable.google_project_service.service-notebooks",
            "module.apis-batch-enable.google_project_service.service-orgpolicy",
            "module.apis-batch-enable.google_project_service.service-pubsub",
            "module.apis-batch-enable.google_project_service.service-secretmanager",
            "module.apis-batch-enable.google_project_service.service-servicemanagement",
            "module.apis-batch-enable.google_project_service.service-servicenetworking",
            "module.apis-batch-enable.google_project_service.service-serviceusage",
            "module.apis-batch-enable.google_project_service.service-spanner",
            "module.apis-batch-enable.google_project_service.service-speech",
            "module.apis-batch-enable.google_project_service.service-vision",
            "module.apis-batch-enable.google_project_service.service-workflows",
            "module.project.google_project.project",
            "module.resources.google_compute_network.default_network",
            "module.resources.google_compute_subnetwork.colab_enterprise_subnet",
            "module.service-account.google_organization_iam_member.organization",
            "module.service-account.google_project_iam_member.gcp_account_owner",
            "module.service-account.google_project_iam_member.impersonation_account_owner",
            "module.service-account.google_project_iam_member.service_account_cloud_function_v2",
            "module.service-account.google_project_iam_member.service_account_owner",
            "module.service-account.google_service_account.service_account",
            "module.service-account.google_service_account_iam_member.service_account_impersonation",
            "random_string.project_random",
            "time_sleep.service_account_api_activation_time_delay"
          ]
        }
      ]
    },
    {
      "module": "module.resources",
      "mode": "managed",
      "type": "google_compute_network",
      "name": "default_network",
      "provider": "provider[\"registry.terraform.io/hashicorp/google-beta\"].service_principal_impersonation",
      "instances": [
        {
          "schema_version": 0,
          "attributes": {
            "auto_create_subnetworks": false,
            "delete_default_routes_on_create": false,
            "description": "Default network",
            "enable_ula_internal_ipv6": false,
            "gateway_ipv4": "",
            "id": "projects/pkklyaq-nordic-hackathon-1/global/networks/vpc-main",
            "internal_ipv6_range": "",
            "mtu": 1460,
            "name": "vpc-main",
            "network_firewall_policy_enforcement_order": "AFTER_CLASSIC_FIREWALL",
            "numeric_id": "6284852555308621784",
            "project": "pkklyaq-nordic-hackathon-1",
            "routing_mode": "REGIONAL",
            "self_link": "https://www.googleapis.com/compute/v1/projects/pkklyaq-nordic-hackathon-1/global/networks/vpc-main",
            "timeouts": null
          },
          "sensitive_attributes": [],
          "private": "eyJlMmJmYjczMC1lY2FhLTExZTYtOGY4OC0zNDM2M2JjN2M0YzAiOnsiY3JlYXRlIjoxMjAwMDAwMDAwMDAwLCJkZWxldGUiOjEyMDAwMDAwMDAwMDAsInVwZGF0ZSI6MTIwMDAwMDAwMDAwMH19",
          "dependencies": [
            "module.apis-batch-enable.google_project_service.service-aiplatform",
            "module.apis-batch-enable.google_project_service.service-analyticshub",
            "module.apis-batch-enable.google_project_service.service-appengine",
            "module.apis-batch-enable.google_project_service.service-artifactregistry",
            "module.apis-batch-enable.google_project_service.service-biglake",
            "module.apis-batch-enable.google_project_service.service-bigqueryconnection",
            "module.apis-batch-enable.google_project_service.service-bigquerydatapolicy",
            "module.apis-batch-enable.google_project_service.service-bigquerydatatransfer",
            "module.apis-batch-enable.google_project_service.service-bigqueryreservation",
            "module.apis-batch-enable.google_project_service.service-bigquerystorage",
            "module.apis-batch-enable.google_project_service.service-cloudbuild",
            "module.apis-batch-enable.google_project_service.service-clouddeploy",
            "module.apis-batch-enable.google_project_service.service-cloudfunctions",
            "module.apis-batch-enable.google_project_service.service-cloudkms",
            "module.apis-batch-enable.google_project_service.service-cloudresourcemanager",
            "module.apis-batch-enable.google_project_service.service-cloudrun",
            "module.apis-batch-enable.google_project_service.service-composer",
            "module.apis-batch-enable.google_project_service.service-compute",
            "module.apis-batch-enable.google_project_service.service-datacatalog",
            "module.apis-batch-enable.google_project_service.service-dataflow",
            "module.apis-batch-enable.google_project_service.service-dataform",
            "module.apis-batch-enable.google_project_service.service-datafusion",
            "module.apis-batch-enable.google_project_service.service-datalineage",
            "module.apis-batch-enable.google_project_service.service-dataplex",
            "module.apis-batch-enable.google_project_service.service-dataproc",
            "module.apis-batch-enable.google_project_service.service-datastream",
            "module.apis-batch-enable.google_project_service.service-metastore",
            "module.apis-batch-enable.google_project_service.service-notebooks",
            "module.apis-batch-enable.google_project_service.service-orgpolicy",
            "module.apis-batch-enable.google_project_service.service-pubsub",
            "module.apis-batch-enable.google_project_service.service-secretmanager",
            "module.apis-batch-enable.google_project_service.service-servicemanagement",
            "module.apis-batch-enable.google_project_service.service-servicenetworking",
            "module.apis-batch-enable.google_project_service.service-serviceusage",
            "module.apis-batch-enable.google_project_service.service-spanner",
            "module.apis-batch-enable.google_project_service.service-speech",
            "module.apis-batch-enable.google_project_service.service-vision",
            "module.apis-batch-enable.google_project_service.service-workflows",
            "module.project.google_project.project",
            "module.service-account.google_organization_iam_member.organization",
            "module.service-account.google_project_iam_member.gcp_account_owner",
            "module.service-account.google_project_iam_member.impersonation_account_owner",
            "module.service-account.google_project_iam_member.service_account_cloud_function_v2",
            "module.service-account.google_project_iam_member.service_account_owner",
            "module.service-account.google_service_account.service_account",
            "module.service-account.google_service_account_iam_member.service_account_impersonation",
            "random_string.project_random",
            "time_sleep.service_account_api_activation_time_delay"
          ]
        }
      ]
    },
    {
      "module": "module.resources",
      "mode": "managed",
      "type": "google_compute_router",
      "name": "nat-router-distinct-regions",
      "provider": "provider[\"registry.terraform.io/hashicorp/google-beta\"].service_principal_impersonation",
      "instances": [
        {
          "index_key": 0,
          "schema_version": 0,
          "attributes": {
            "bgp": [],
            "creation_timestamp": "2024-05-22T05:41:19.512-07:00",
            "description": "",
            "encrypted_interconnect_router": false,
            "id": "projects/pkklyaq-nordic-hackathon-1/regions/us-central1/routers/nat-router-us-central1",
            "name": "nat-router-us-central1",
            "network": "https://www.googleapis.com/compute/v1/projects/pkklyaq-nordic-hackathon-1/global/networks/vpc-main",
            "project": "pkklyaq-nordic-hackathon-1",
            "region": "us-central1",
            "self_link": "https://www.googleapis.com/compute/v1/projects/pkklyaq-nordic-hackathon-1/regions/us-central1/routers/nat-router-us-central1",
            "timeouts": null
          },
          "sensitive_attributes": [],
          "private": "eyJlMmJmYjczMC1lY2FhLTExZTYtOGY4OC0zNDM2M2JjN2M0YzAiOnsiY3JlYXRlIjoxMjAwMDAwMDAwMDAwLCJkZWxldGUiOjEyMDAwMDAwMDAwMDAsInVwZGF0ZSI6MTIwMDAwMDAwMDAwMH19",
          "dependencies": [
            "module.apis-batch-enable.google_project_service.service-aiplatform",
            "module.apis-batch-enable.google_project_service.service-analyticshub",
            "module.apis-batch-enable.google_project_service.service-appengine",
            "module.apis-batch-enable.google_project_service.service-artifactregistry",
            "module.apis-batch-enable.google_project_service.service-biglake",
            "module.apis-batch-enable.google_project_service.service-bigqueryconnection",
            "module.apis-batch-enable.google_project_service.service-bigquerydatapolicy",
            "module.apis-batch-enable.google_project_service.service-bigquerydatatransfer",
            "module.apis-batch-enable.google_project_service.service-bigqueryreservation",
            "module.apis-batch-enable.google_project_service.service-bigquerystorage",
            "module.apis-batch-enable.google_project_service.service-cloudbuild",
            "module.apis-batch-enable.google_project_service.service-clouddeploy",
            "module.apis-batch-enable.google_project_service.service-cloudfunctions",
            "module.apis-batch-enable.google_project_service.service-cloudkms",
            "module.apis-batch-enable.google_project_service.service-cloudresourcemanager",
            "module.apis-batch-enable.google_project_service.service-cloudrun",
            "module.apis-batch-enable.google_project_service.service-composer",
            "module.apis-batch-enable.google_project_service.service-compute",
            "module.apis-batch-enable.google_project_service.service-datacatalog",
            "module.apis-batch-enable.google_project_service.service-dataflow",
            "module.apis-batch-enable.google_project_service.service-dataform",
            "module.apis-batch-enable.google_project_service.service-datafusion",
            "module.apis-batch-enable.google_project_service.service-datalineage",
            "module.apis-batch-enable.google_project_service.service-dataplex",
            "module.apis-batch-enable.google_project_service.service-dataproc",
            "module.apis-batch-enable.google_project_service.service-datastream",
            "module.apis-batch-enable.google_project_service.service-metastore",
            "module.apis-batch-enable.google_project_service.service-notebooks",
            "module.apis-batch-enable.google_project_service.service-orgpolicy",
            "module.apis-batch-enable.google_project_service.service-pubsub",
            "module.apis-batch-enable.google_project_service.service-secretmanager",
            "module.apis-batch-enable.google_project_service.service-servicemanagement",
            "module.apis-batch-enable.google_project_service.service-servicenetworking",
            "module.apis-batch-enable.google_project_service.service-serviceusage",
            "module.apis-batch-enable.google_project_service.service-spanner",
            "module.apis-batch-enable.google_project_service.service-speech",
            "module.apis-batch-enable.google_project_service.service-vision",
            "module.apis-batch-enable.google_project_service.service-workflows",
            "module.project.google_project.project",
            "module.resources.google_compute_firewall.subnet_firewall_rule",
            "module.resources.google_compute_network.default_network",
            "module.resources.google_compute_subnetwork.colab_enterprise_subnet",
            "module.service-account.google_organization_iam_member.organization",
            "module.service-account.google_project_iam_member.gcp_account_owner",
            "module.service-account.google_project_iam_member.impersonation_account_owner",
            "module.service-account.google_project_iam_member.service_account_cloud_function_v2",
            "module.service-account.google_project_iam_member.service_account_owner",
            "module.service-account.google_service_account.service_account",
            "module.service-account.google_service_account_iam_member.service_account_impersonation",
            "random_string.project_random",
            "time_sleep.service_account_api_activation_time_delay"
          ]
        }
      ]
    },
    {
      "module": "module.resources",
      "mode": "managed",
      "type": "google_compute_router_nat",
      "name": "nat-config-distinct-regions",
      "provider": "provider[\"registry.terraform.io/hashicorp/google-beta\"].service_principal_impersonation",
      "instances": [
        {
          "index_key": 0,
          "schema_version": 0,
          "attributes": {
            "auto_network_tier": "PREMIUM",
            "drain_nat_ips": null,
            "enable_dynamic_port_allocation": false,
            "enable_endpoint_independent_mapping": false,
            "endpoint_types": [
              "ENDPOINT_TYPE_VM"
            ],
            "icmp_idle_timeout_sec": 30,
            "id": "pkklyaq-nordic-hackathon-1/us-central1/nat-router-us-central1/nat-config-us-central1",
            "log_config": [],
            "max_ports_per_vm": 0,
            "min_ports_per_vm": 0,
            "name": "nat-config-us-central1",
            "nat_ip_allocate_option": "AUTO_ONLY",
            "nat_ips": null,
            "project": "pkklyaq-nordic-hackathon-1",
            "region": "us-central1",
            "router": "nat-router-us-central1",
            "rules": [],
            "source_subnetwork_ip_ranges_to_nat": "ALL_SUBNETWORKS_ALL_IP_RANGES",
            "subnetwork": [],
            "tcp_established_idle_timeout_sec": 1200,
            "tcp_time_wait_timeout_sec": 120,
            "tcp_transitory_idle_timeout_sec": 30,
            "timeouts": null,
            "type": "PUBLIC",
            "udp_idle_timeout_sec": 30
          },
          "sensitive_attributes": [],
          "private": "eyJlMmJmYjczMC1lY2FhLTExZTYtOGY4OC0zNDM2M2JjN2M0YzAiOnsiY3JlYXRlIjoxMjAwMDAwMDAwMDAwLCJkZWxldGUiOjEyMDAwMDAwMDAwMDAsInVwZGF0ZSI6MTIwMDAwMDAwMDAwMH19",
          "dependencies": [
            "module.apis-batch-enable.google_project_service.service-aiplatform",
            "module.apis-batch-enable.google_project_service.service-analyticshub",
            "module.apis-batch-enable.google_project_service.service-appengine",
            "module.apis-batch-enable.google_project_service.service-artifactregistry",
            "module.apis-batch-enable.google_project_service.service-biglake",
            "module.apis-batch-enable.google_project_service.service-bigqueryconnection",
            "module.apis-batch-enable.google_project_service.service-bigquerydatapolicy",
            "module.apis-batch-enable.google_project_service.service-bigquerydatatransfer",
            "module.apis-batch-enable.google_project_service.service-bigqueryreservation",
            "module.apis-batch-enable.google_project_service.service-bigquerystorage",
            "module.apis-batch-enable.google_project_service.service-cloudbuild",
            "module.apis-batch-enable.google_project_service.service-clouddeploy",
            "module.apis-batch-enable.google_project_service.service-cloudfunctions",
            "module.apis-batch-enable.google_project_service.service-cloudkms",
            "module.apis-batch-enable.google_project_service.service-cloudresourcemanager",
            "module.apis-batch-enable.google_project_service.service-cloudrun",
            "module.apis-batch-enable.google_project_service.service-composer",
            "module.apis-batch-enable.google_project_service.service-compute",
            "module.apis-batch-enable.google_project_service.service-datacatalog",
            "module.apis-batch-enable.google_project_service.service-dataflow",
            "module.apis-batch-enable.google_project_service.service-dataform",
            "module.apis-batch-enable.google_project_service.service-datafusion",
            "module.apis-batch-enable.google_project_service.service-datalineage",
            "module.apis-batch-enable.google_project_service.service-dataplex",
            "module.apis-batch-enable.google_project_service.service-dataproc",
            "module.apis-batch-enable.google_project_service.service-datastream",
            "module.apis-batch-enable.google_project_service.service-metastore",
            "module.apis-batch-enable.google_project_service.service-notebooks",
            "module.apis-batch-enable.google_project_service.service-orgpolicy",
            "module.apis-batch-enable.google_project_service.service-pubsub",
            "module.apis-batch-enable.google_project_service.service-secretmanager",
            "module.apis-batch-enable.google_project_service.service-servicemanagement",
            "module.apis-batch-enable.google_project_service.service-servicenetworking",
            "module.apis-batch-enable.google_project_service.service-serviceusage",
            "module.apis-batch-enable.google_project_service.service-spanner",
            "module.apis-batch-enable.google_project_service.service-speech",
            "module.apis-batch-enable.google_project_service.service-vision",
            "module.apis-batch-enable.google_project_service.service-workflows",
            "module.project.google_project.project",
            "module.resources.google_compute_firewall.subnet_firewall_rule",
            "module.resources.google_compute_network.default_network",
            "module.resources.google_compute_router.nat-router-distinct-regions",
            "module.resources.google_compute_subnetwork.colab_enterprise_subnet",
            "module.service-account.google_organization_iam_member.organization",
            "module.service-account.google_project_iam_member.gcp_account_owner",
            "module.service-account.google_project_iam_member.impersonation_account_owner",
            "module.service-account.google_project_iam_member.service_account_cloud_function_v2",
            "module.service-account.google_project_iam_member.service_account_owner",
            "module.service-account.google_service_account.service_account",
            "module.service-account.google_service_account_iam_member.service_account_impersonation",
            "random_string.project_random",
            "time_sleep.service_account_api_activation_time_delay"
          ]
        }
      ]
    },
    {
      "module": "module.resources",
      "mode": "managed",
      "type": "google_compute_subnetwork",
      "name": "colab_enterprise_subnet",
      "provider": "provider[\"registry.terraform.io/hashicorp/google-beta\"].service_principal_impersonation",
      "instances": [
        {
          "schema_version": 0,
          "attributes": {
            "allow_subnet_cidr_routes_overlap": false,
            "creation_timestamp": "2024-05-22T05:40:53.009-07:00",
            "description": "",
            "external_ipv6_prefix": "",
            "fingerprint": null,
            "gateway_address": "10.1.0.1",
            "id": "projects/pkklyaq-nordic-hackathon-1/regions/us-central1/subnetworks/colab-enterprise-subnet",
            "internal_ipv6_prefix": "",
            "ip_cidr_range": "10.1.0.0/16",
            "ipv6_access_type": "",
            "ipv6_cidr_range": "",
            "log_config": [
              {
                "aggregation_interval": "INTERVAL_10_MIN",
                "filter_expr": "true",
                "flow_sampling": 0.5,
                "metadata": "INCLUDE_ALL_METADATA",
                "metadata_fields": null
              }
            ],
            "name": "colab-enterprise-subnet",
            "network": "https://www.googleapis.com/compute/v1/projects/pkklyaq-nordic-hackathon-1/global/networks/vpc-main",
            "private_ip_google_access": true,
            "private_ipv6_google_access": "DISABLE_GOOGLE_ACCESS",
            "project": "pkklyaq-nordic-hackathon-1",
            "purpose": "PRIVATE",
            "region": "us-central1",
            "role": "",
            "secondary_ip_range": [],
            "self_link": "https://www.googleapis.com/compute/v1/projects/pkklyaq-nordic-hackathon-1/regions/us-central1/subnetworks/colab-enterprise-subnet",
            "stack_type": "IPV4_ONLY",
            "timeouts": null
          },
          "sensitive_attributes": [],
          "private": "eyJlMmJmYjczMC1lY2FhLTExZTYtOGY4OC0zNDM2M2JjN2M0YzAiOnsiY3JlYXRlIjoxMjAwMDAwMDAwMDAwLCJkZWxldGUiOjEyMDAwMDAwMDAwMDAsInVwZGF0ZSI6MTIwMDAwMDAwMDAwMH19",
          "dependencies": [
            "module.apis-batch-enable.google_project_service.service-aiplatform",
            "module.apis-batch-enable.google_project_service.service-analyticshub",
            "module.apis-batch-enable.google_project_service.service-appengine",
            "module.apis-batch-enable.google_project_service.service-artifactregistry",
            "module.apis-batch-enable.google_project_service.service-biglake",
            "module.apis-batch-enable.google_project_service.service-bigqueryconnection",
            "module.apis-batch-enable.google_project_service.service-bigquerydatapolicy",
            "module.apis-batch-enable.google_project_service.service-bigquerydatatransfer",
            "module.apis-batch-enable.google_project_service.service-bigqueryreservation",
            "module.apis-batch-enable.google_project_service.service-bigquerystorage",
            "module.apis-batch-enable.google_project_service.service-cloudbuild",
            "module.apis-batch-enable.google_project_service.service-clouddeploy",
            "module.apis-batch-enable.google_project_service.service-cloudfunctions",
            "module.apis-batch-enable.google_project_service.service-cloudkms",
            "module.apis-batch-enable.google_project_service.service-cloudresourcemanager",
            "module.apis-batch-enable.google_project_service.service-cloudrun",
            "module.apis-batch-enable.google_project_service.service-composer",
            "module.apis-batch-enable.google_project_service.service-compute",
            "module.apis-batch-enable.google_project_service.service-datacatalog",
            "module.apis-batch-enable.google_project_service.service-dataflow",
            "module.apis-batch-enable.google_project_service.service-dataform",
            "module.apis-batch-enable.google_project_service.service-datafusion",
            "module.apis-batch-enable.google_project_service.service-datalineage",
            "module.apis-batch-enable.google_project_service.service-dataplex",
            "module.apis-batch-enable.google_project_service.service-dataproc",
            "module.apis-batch-enable.google_project_service.service-datastream",
            "module.apis-batch-enable.google_project_service.service-metastore",
            "module.apis-batch-enable.google_project_service.service-notebooks",
            "module.apis-batch-enable.google_project_service.service-orgpolicy",
            "module.apis-batch-enable.google_project_service.service-pubsub",
            "module.apis-batch-enable.google_project_service.service-secretmanager",
            "module.apis-batch-enable.google_project_service.service-servicemanagement",
            "module.apis-batch-enable.google_project_service.service-servicenetworking",
            "module.apis-batch-enable.google_project_service.service-serviceusage",
            "module.apis-batch-enable.google_project_service.service-spanner",
            "module.apis-batch-enable.google_project_service.service-speech",
            "module.apis-batch-enable.google_project_service.service-vision",
            "module.apis-batch-enable.google_project_service.service-workflows",
            "module.project.google_project.project",
            "module.resources.google_compute_network.default_network",
            "module.service-account.google_organization_iam_member.organization",
            "module.service-account.google_project_iam_member.gcp_account_owner",
            "module.service-account.google_project_iam_member.impersonation_account_owner",
            "module.service-account.google_project_iam_member.service_account_cloud_function_v2",
            "module.service-account.google_project_iam_member.service_account_owner",
            "module.service-account.google_service_account.service_account",
            "module.service-account.google_service_account_iam_member.service_account_impersonation",
            "random_string.project_random",
            "time_sleep.service_account_api_activation_time_delay"
          ]
        }
      ]
    },
    {
      "module": "module.resources",
      "mode": "managed",
      "type": "google_project_iam_member",
      "name": "gcp_roles_datalineage_admin",
      "provider": "provider[\"registry.terraform.io/hashicorp/google-beta\"].service_principal_impersonation",
      "instances": [
        {
          "schema_version": 0,
          "attributes": {
            "condition": [],
            "etag": "BwYZCdoEGKA=",
            "id": "pkklyaq-nordic-hackathon-1/roles/datalineage.admin/user:emil.breding@cygni.se",
            "member": "user:emil.breding@cygni.se",
            "project": "pkklyaq-nordic-hackathon-1",
            "role": "roles/datalineage.admin"
          },
          "sensitive_attributes": [],
          "private": "bnVsbA==",
          "dependencies": [
            "module.apis-batch-enable.google_project_service.service-aiplatform",
            "module.apis-batch-enable.google_project_service.service-analyticshub",
            "module.apis-batch-enable.google_project_service.service-appengine",
            "module.apis-batch-enable.google_project_service.service-artifactregistry",
            "module.apis-batch-enable.google_project_service.service-biglake",
            "module.apis-batch-enable.google_project_service.service-bigqueryconnection",
            "module.apis-batch-enable.google_project_service.service-bigquerydatapolicy",
            "module.apis-batch-enable.google_project_service.service-bigquerydatatransfer",
            "module.apis-batch-enable.google_project_service.service-bigqueryreservation",
            "module.apis-batch-enable.google_project_service.service-bigquerystorage",
            "module.apis-batch-enable.google_project_service.service-cloudbuild",
            "module.apis-batch-enable.google_project_service.service-clouddeploy",
            "module.apis-batch-enable.google_project_service.service-cloudfunctions",
            "module.apis-batch-enable.google_project_service.service-cloudkms",
            "module.apis-batch-enable.google_project_service.service-cloudresourcemanager",
            "module.apis-batch-enable.google_project_service.service-cloudrun",
            "module.apis-batch-enable.google_project_service.service-composer",
            "module.apis-batch-enable.google_project_service.service-compute",
            "module.apis-batch-enable.google_project_service.service-datacatalog",
            "module.apis-batch-enable.google_project_service.service-dataflow",
            "module.apis-batch-enable.google_project_service.service-dataform",
            "module.apis-batch-enable.google_project_service.service-datafusion",
            "module.apis-batch-enable.google_project_service.service-datalineage",
            "module.apis-batch-enable.google_project_service.service-dataplex",
            "module.apis-batch-enable.google_project_service.service-dataproc",
            "module.apis-batch-enable.google_project_service.service-datastream",
            "module.apis-batch-enable.google_project_service.service-metastore",
            "module.apis-batch-enable.google_project_service.service-notebooks",
            "module.apis-batch-enable.google_project_service.service-orgpolicy",
            "module.apis-batch-enable.google_project_service.service-pubsub",
            "module.apis-batch-enable.google_project_service.service-secretmanager",
            "module.apis-batch-enable.google_project_service.service-servicemanagement",
            "module.apis-batch-enable.google_project_service.service-servicenetworking",
            "module.apis-batch-enable.google_project_service.service-serviceusage",
            "module.apis-batch-enable.google_project_service.service-spanner",
            "module.apis-batch-enable.google_project_service.service-speech",
            "module.apis-batch-enable.google_project_service.service-vision",
            "module.apis-batch-enable.google_project_service.service-workflows",
            "module.project.google_project.project",
            "module.service-account.google_organization_iam_member.organization",
            "module.service-account.google_project_iam_member.gcp_account_owner",
            "module.service-account.google_project_iam_member.impersonation_account_owner",
            "module.service-account.google_project_iam_member.service_account_cloud_function_v2",
            "module.service-account.google_project_iam_member.service_account_owner",
            "module.service-account.google_service_account.service_account",
            "module.service-account.google_service_account_iam_member.service_account_impersonation",
            "random_string.project_random",
            "time_sleep.service_account_api_activation_time_delay"
          ]
        }
      ]
    },
    {
      "module": "module.resources",
      "mode": "managed",
      "type": "google_project_iam_member",
      "name": "vertex_ai_connection_vertex_user_role",
      "provider": "provider[\"registry.terraform.io/hashicorp/google-beta\"].service_principal_impersonation",
      "instances": [
        {
          "schema_version": 0,
          "attributes": {
            "condition": [],
            "etag": "BwYZCdoEGKA=",
            "id": "pkklyaq-nordic-hackathon-1/roles/aiplatform.user/serviceAccount:bqcx-614415369016-biyk@gcp-sa-bigquery-condel.iam.gserviceaccount.com",
            "member": "serviceAccount:bqcx-614415369016-biyk@gcp-sa-bigquery-condel.iam.gserviceaccount.com",
            "project": "pkklyaq-nordic-hackathon-1",
            "role": "roles/aiplatform.user"
          },
          "sensitive_attributes": [],
          "private": "bnVsbA==",
          "dependencies": [
            "module.apis-batch-enable.google_project_service.service-aiplatform",
            "module.apis-batch-enable.google_project_service.service-analyticshub",
            "module.apis-batch-enable.google_project_service.service-appengine",
            "module.apis-batch-enable.google_project_service.service-artifactregistry",
            "module.apis-batch-enable.google_project_service.service-biglake",
            "module.apis-batch-enable.google_project_service.service-bigqueryconnection",
            "module.apis-batch-enable.google_project_service.service-bigquerydatapolicy",
            "module.apis-batch-enable.google_project_service.service-bigquerydatatransfer",
            "module.apis-batch-enable.google_project_service.service-bigqueryreservation",
            "module.apis-batch-enable.google_project_service.service-bigquerystorage",
            "module.apis-batch-enable.google_project_service.service-cloudbuild",
            "module.apis-batch-enable.google_project_service.service-clouddeploy",
            "module.apis-batch-enable.google_project_service.service-cloudfunctions",
            "module.apis-batch-enable.google_project_service.service-cloudkms",
            "module.apis-batch-enable.google_project_service.service-cloudresourcemanager",
            "module.apis-batch-enable.google_project_service.service-cloudrun",
            "module.apis-batch-enable.google_project_service.service-composer",
            "module.apis-batch-enable.google_project_service.service-compute",
            "module.apis-batch-enable.google_project_service.service-datacatalog",
            "module.apis-batch-enable.google_project_service.service-dataflow",
            "module.apis-batch-enable.google_project_service.service-dataform",
            "module.apis-batch-enable.google_project_service.service-datafusion",
            "module.apis-batch-enable.google_project_service.service-datalineage",
            "module.apis-batch-enable.google_project_service.service-dataplex",
            "module.apis-batch-enable.google_project_service.service-dataproc",
            "module.apis-batch-enable.google_project_service.service-datastream",
            "module.apis-batch-enable.google_project_service.service-metastore",
            "module.apis-batch-enable.google_project_service.service-notebooks",
            "module.apis-batch-enable.google_project_service.service-orgpolicy",
            "module.apis-batch-enable.google_project_service.service-pubsub",
            "module.apis-batch-enable.google_project_service.service-secretmanager",
            "module.apis-batch-enable.google_project_service.service-servicemanagement",
            "module.apis-batch-enable.google_project_service.service-servicenetworking",
            "module.apis-batch-enable.google_project_service.service-serviceusage",
            "module.apis-batch-enable.google_project_service.service-spanner",
            "module.apis-batch-enable.google_project_service.service-speech",
            "module.apis-batch-enable.google_project_service.service-vision",
            "module.apis-batch-enable.google_project_service.service-workflows",
            "module.project.google_project.project",
            "module.resources.google_bigquery_connection.vertex_ai_connection",
            "module.service-account.google_organization_iam_member.organization",
            "module.service-account.google_project_iam_member.gcp_account_owner",
            "module.service-account.google_project_iam_member.impersonation_account_owner",
            "module.service-account.google_project_iam_member.service_account_cloud_function_v2",
            "module.service-account.google_project_iam_member.service_account_owner",
            "module.service-account.google_service_account.service_account",
            "module.service-account.google_service_account_iam_member.service_account_impersonation",
            "random_string.project_random",
            "time_sleep.service_account_api_activation_time_delay"
          ]
        }
      ]
    },
    {
      "module": "module.resources",
      "mode": "managed",
      "type": "google_storage_bucket",
      "name": "google_storage_bucket_data_beans_code_bucket",
      "provider": "provider[\"registry.terraform.io/hashicorp/google-beta\"].service_principal_impersonation",
      "instances": [
        {
          "schema_version": 1,
          "attributes": {
            "autoclass": [],
            "cors": [],
            "custom_placement_config": [],
            "default_event_based_hold": false,
            "effective_labels": {},
            "enable_object_retention": false,
            "encryption": [],
            "force_destroy": true,
            "id": "data-beans-code-08ez4cu3of",
            "labels": {},
            "lifecycle_rule": [],
            "location": "US",
            "logging": [],
            "name": "data-beans-code-08ez4cu3of",
            "project": "pkklyaq-nordic-hackathon-1",
            "project_number": 614415369016,
            "public_access_prevention": "inherited",
            "requester_pays": false,
            "retention_policy": [],
            "rpo": "DEFAULT",
            "self_link": "https://www.googleapis.com/storage/v1/b/data-beans-code-08ez4cu3of",
            "soft_delete_policy": [
              {
                "effective_time": "2024-05-22T12:12:40.374Z",
                "retention_duration_seconds": 604800
              }
            ],
            "storage_class": "STANDARD",
            "terraform_labels": {},
            "timeouts": null,
            "uniform_bucket_level_access": true,
            "url": "gs://data-beans-code-08ez4cu3of",
            "versioning": [],
            "website": []
          },
          "sensitive_attributes": [],
          "private": "eyJlMmJmYjczMC1lY2FhLTExZTYtOGY4OC0zNDM2M2JjN2M0YzAiOnsiY3JlYXRlIjo2MDAwMDAwMDAwMDAsInJlYWQiOjI0MDAwMDAwMDAwMCwidXBkYXRlIjoyNDAwMDAwMDAwMDB9LCJzY2hlbWFfdmVyc2lvbiI6IjEifQ==",
          "dependencies": [
            "module.apis-batch-enable.google_project_service.service-aiplatform",
            "module.apis-batch-enable.google_project_service.service-analyticshub",
            "module.apis-batch-enable.google_project_service.service-appengine",
            "module.apis-batch-enable.google_project_service.service-artifactregistry",
            "module.apis-batch-enable.google_project_service.service-biglake",
            "module.apis-batch-enable.google_project_service.service-bigqueryconnection",
            "module.apis-batch-enable.google_project_service.service-bigquerydatapolicy",
            "module.apis-batch-enable.google_project_service.service-bigquerydatatransfer",
            "module.apis-batch-enable.google_project_service.service-bigqueryreservation",
            "module.apis-batch-enable.google_project_service.service-bigquerystorage",
            "module.apis-batch-enable.google_project_service.service-cloudbuild",
            "module.apis-batch-enable.google_project_service.service-clouddeploy",
            "module.apis-batch-enable.google_project_service.service-cloudfunctions",
            "module.apis-batch-enable.google_project_service.service-cloudkms",
            "module.apis-batch-enable.google_project_service.service-cloudresourcemanager",
            "module.apis-batch-enable.google_project_service.service-cloudrun",
            "module.apis-batch-enable.google_project_service.service-composer",
            "module.apis-batch-enable.google_project_service.service-compute",
            "module.apis-batch-enable.google_project_service.service-datacatalog",
            "module.apis-batch-enable.google_project_service.service-dataflow",
            "module.apis-batch-enable.google_project_service.service-dataform",
            "module.apis-batch-enable.google_project_service.service-datafusion",
            "module.apis-batch-enable.google_project_service.service-datalineage",
            "module.apis-batch-enable.google_project_service.service-dataplex",
            "module.apis-batch-enable.google_project_service.service-dataproc",
            "module.apis-batch-enable.google_project_service.service-datastream",
            "module.apis-batch-enable.google_project_service.service-metastore",
            "module.apis-batch-enable.google_project_service.service-notebooks",
            "module.apis-batch-enable.google_project_service.service-orgpolicy",
            "module.apis-batch-enable.google_project_service.service-pubsub",
            "module.apis-batch-enable.google_project_service.service-secretmanager",
            "module.apis-batch-enable.google_project_service.service-servicemanagement",
            "module.apis-batch-enable.google_project_service.service-servicenetworking",
            "module.apis-batch-enable.google_project_service.service-serviceusage",
            "module.apis-batch-enable.google_project_service.service-spanner",
            "module.apis-batch-enable.google_project_service.service-speech",
            "module.apis-batch-enable.google_project_service.service-vision",
            "module.apis-batch-enable.google_project_service.service-workflows",
            "module.project.google_project.project",
            "module.service-account.google_organization_iam_member.organization",
            "module.service-account.google_project_iam_member.gcp_account_owner",
            "module.service-account.google_project_iam_member.impersonation_account_owner",
            "module.service-account.google_project_iam_member.service_account_cloud_function_v2",
            "module.service-account.google_project_iam_member.service_account_owner",
            "module.service-account.google_service_account.service_account",
            "module.service-account.google_service_account_iam_member.service_account_impersonation",
            "random_string.project_random",
            "time_sleep.service_account_api_activation_time_delay"
          ]
        }
      ]
    },
    {
      "module": "module.resources",
      "mode": "managed",
      "type": "google_storage_bucket",
      "name": "google_storage_bucket_data_beans_curated_bucket",
      "provider": "provider[\"registry.terraform.io/hashicorp/google-beta\"].service_principal_impersonation",
      "instances": [
        {
          "schema_version": 1,
          "attributes": {
            "autoclass": [],
            "cors": [],
            "custom_placement_config": [],
            "default_event_based_hold": false,
            "effective_labels": {},
            "enable_object_retention": false,
            "encryption": [],
            "force_destroy": true,
            "id": "data-beans-curated-08ez4cu3of",
            "labels": {},
            "lifecycle_rule": [],
            "location": "US",
            "logging": [],
            "name": "data-beans-curated-08ez4cu3of",
            "project": "pkklyaq-nordic-hackathon-1",
            "project_number": 614415369016,
            "public_access_prevention": "inherited",
            "requester_pays": false,
            "retention_policy": [],
            "rpo": "DEFAULT",
            "self_link": "https://www.googleapis.com/storage/v1/b/data-beans-curated-08ez4cu3of",
            "soft_delete_policy": [
              {
                "effective_time": "2024-05-22T12:12:40.171Z",
                "retention_duration_seconds": 604800
              }
            ],
            "storage_class": "STANDARD",
            "terraform_labels": {},
            "timeouts": null,
            "uniform_bucket_level_access": true,
            "url": "gs://data-beans-curated-08ez4cu3of",
            "versioning": [],
            "website": []
          },
          "sensitive_attributes": [],
          "private": "eyJlMmJmYjczMC1lY2FhLTExZTYtOGY4OC0zNDM2M2JjN2M0YzAiOnsiY3JlYXRlIjo2MDAwMDAwMDAwMDAsInJlYWQiOjI0MDAwMDAwMDAwMCwidXBkYXRlIjoyNDAwMDAwMDAwMDB9LCJzY2hlbWFfdmVyc2lvbiI6IjEifQ==",
          "dependencies": [
            "module.apis-batch-enable.google_project_service.service-aiplatform",
            "module.apis-batch-enable.google_project_service.service-analyticshub",
            "module.apis-batch-enable.google_project_service.service-appengine",
            "module.apis-batch-enable.google_project_service.service-artifactregistry",
            "module.apis-batch-enable.google_project_service.service-biglake",
            "module.apis-batch-enable.google_project_service.service-bigqueryconnection",
            "module.apis-batch-enable.google_project_service.service-bigquerydatapolicy",
            "module.apis-batch-enable.google_project_service.service-bigquerydatatransfer",
            "module.apis-batch-enable.google_project_service.service-bigqueryreservation",
            "module.apis-batch-enable.google_project_service.service-bigquerystorage",
            "module.apis-batch-enable.google_project_service.service-cloudbuild",
            "module.apis-batch-enable.google_project_service.service-clouddeploy",
            "module.apis-batch-enable.google_project_service.service-cloudfunctions",
            "module.apis-batch-enable.google_project_service.service-cloudkms",
            "module.apis-batch-enable.google_project_service.service-cloudresourcemanager",
            "module.apis-batch-enable.google_project_service.service-cloudrun",
            "module.apis-batch-enable.google_project_service.service-composer",
            "module.apis-batch-enable.google_project_service.service-compute",
            "module.apis-batch-enable.google_project_service.service-datacatalog",
            "module.apis-batch-enable.google_project_service.service-dataflow",
            "module.apis-batch-enable.google_project_service.service-dataform",
            "module.apis-batch-enable.google_project_service.service-datafusion",
            "module.apis-batch-enable.google_project_service.service-datalineage",
            "module.apis-batch-enable.google_project_service.service-dataplex",
            "module.apis-batch-enable.google_project_service.service-dataproc",
            "module.apis-batch-enable.google_project_service.service-datastream",
            "module.apis-batch-enable.google_project_service.service-metastore",
            "module.apis-batch-enable.google_project_service.service-notebooks",
            "module.apis-batch-enable.google_project_service.service-orgpolicy",
            "module.apis-batch-enable.google_project_service.service-pubsub",
            "module.apis-batch-enable.google_project_service.service-secretmanager",
            "module.apis-batch-enable.google_project_service.service-servicemanagement",
            "module.apis-batch-enable.google_project_service.service-servicenetworking",
            "module.apis-batch-enable.google_project_service.service-serviceusage",
            "module.apis-batch-enable.google_project_service.service-spanner",
            "module.apis-batch-enable.google_project_service.service-speech",
            "module.apis-batch-enable.google_project_service.service-vision",
            "module.apis-batch-enable.google_project_service.service-workflows",
            "module.project.google_project.project",
            "module.service-account.google_organization_iam_member.organization",
            "module.service-account.google_project_iam_member.gcp_account_owner",
            "module.service-account.google_project_iam_member.impersonation_account_owner",
            "module.service-account.google_project_iam_member.service_account_cloud_function_v2",
            "module.service-account.google_project_iam_member.service_account_owner",
            "module.service-account.google_service_account.service_account",
            "module.service-account.google_service_account_iam_member.service_account_impersonation",
            "random_string.project_random",
            "time_sleep.service_account_api_activation_time_delay"
          ]
        }
      ]
    },
    {
      "module": "module.resources",
      "mode": "managed",
      "type": "null_resource",
      "name": "colab_runtime",
      "provider": "provider[\"registry.terraform.io/hashicorp/null\"]",
      "instances": []
    },
    {
      "module": "module.resources",
      "mode": "managed",
      "type": "null_resource",
      "name": "colab_runtime_template",
      "provider": "provider[\"registry.terraform.io/hashicorp/null\"]",
      "instances": []
    },
    {
      "module": "module.service-account",
      "mode": "managed",
      "type": "google_project_iam_member",
      "name": "gcp_account_owner",
      "provider": "provider[\"registry.terraform.io/hashicorp/google-beta\"]",
      "instances": []
    },
    {
      "module": "module.service-account",
      "mode": "managed",
      "type": "google_project_iam_member",
      "name": "impersonation_account_owner",
      "provider": "provider[\"registry.terraform.io/hashicorp/google-beta\"]",
      "instances": [
        {
          "schema_version": 0,
          "attributes": {
            "condition": [],
            "etag": "BwYZCdoEGKA=",
            "id": "pkklyaq-nordic-hackathon-1/roles/owner/user:emil.breding@cygni.se",
            "member": "user:emil.breding@cygni.se",
            "project": "pkklyaq-nordic-hackathon-1",
            "role": "roles/owner"
          },
          "sensitive_attributes": [],
          "private": "bnVsbA==",
          "dependencies": [
            "module.project.google_project.project",
            "module.service-account.google_project_iam_member.gcp_account_owner",
            "random_string.project_random"
          ]
        }
      ]
    },
    {
      "module": "module.service-account",
      "mode": "managed",
      "type": "google_project_iam_member",
      "name": "service_account_cloud_function_v2",
      "provider": "provider[\"registry.terraform.io/hashicorp/google-beta\"]",
      "instances": [
        {
          "schema_version": 0,
          "attributes": {
            "condition": [],
            "etag": "BwYZCdoEGKA=",
            "id": "pkklyaq-nordic-hackathon-1/roles/cloudfunctions.admin/serviceAccount:pkklyaq-nordic-hackathon-1@pkklyaq-nordic-hackathon-1.iam.gserviceaccount.com",
            "member": "serviceAccount:pkklyaq-nordic-hackathon-1@pkklyaq-nordic-hackathon-1.iam.gserviceaccount.com",
            "project": "pkklyaq-nordic-hackathon-1",
            "role": "roles/cloudfunctions.admin"
          },
          "sensitive_attributes": [],
          "private": "bnVsbA==",
          "dependencies": [
            "module.project.google_project.project",
            "module.service-account.google_project_iam_member.service_account_owner",
            "module.service-account.google_service_account.service_account",
            "random_string.project_random"
          ]
        }
      ]
    },
    {
      "module": "module.service-account",
      "mode": "managed",
      "type": "google_project_iam_member",
      "name": "service_account_owner",
      "provider": "provider[\"registry.terraform.io/hashicorp/google-beta\"]",
      "instances": [
        {
          "schema_version": 0,
          "attributes": {
            "condition": [],
            "etag": "BwYZCdoEGKA=",
            "id": "pkklyaq-nordic-hackathon-1/roles/owner/serviceAccount:pkklyaq-nordic-hackathon-1@pkklyaq-nordic-hackathon-1.iam.gserviceaccount.com",
            "member": "serviceAccount:pkklyaq-nordic-hackathon-1@pkklyaq-nordic-hackathon-1.iam.gserviceaccount.com",
            "project": "pkklyaq-nordic-hackathon-1",
            "role": "roles/owner"
          },
          "sensitive_attributes": [],
          "private": "bnVsbA==",
          "dependencies": [
            "module.project.google_project.project",
            "module.service-account.google_service_account.service_account",
            "random_string.project_random"
          ]
        }
      ]
    },
    {
      "module": "module.service-account",
      "mode": "managed",
      "type": "google_service_account",
      "name": "service_account",
      "provider": "provider[\"registry.terraform.io/hashicorp/google-beta\"]",
      "instances": [
        {
          "schema_version": 0,
          "attributes": {
            "account_id": "pkklyaq-nordic-hackathon-1",
            "create_ignore_already_exists": null,
            "description": "",
            "disabled": false,
            "display_name": "Terraform Service Account",
            "email": "pkklyaq-nordic-hackathon-1@pkklyaq-nordic-hackathon-1.iam.gserviceaccount.com",
            "id": "projects/pkklyaq-nordic-hackathon-1/serviceAccounts/pkklyaq-nordic-hackathon-1@pkklyaq-nordic-hackathon-1.iam.gserviceaccount.com",
            "member": "serviceAccount:pkklyaq-nordic-hackathon-1@pkklyaq-nordic-hackathon-1.iam.gserviceaccount.com",
            "name": "projects/pkklyaq-nordic-hackathon-1/serviceAccounts/pkklyaq-nordic-hackathon-1@pkklyaq-nordic-hackathon-1.iam.gserviceaccount.com",
            "project": "pkklyaq-nordic-hackathon-1",
            "timeouts": null,
            "unique_id": "100799992689653551369"
          },
          "sensitive_attributes": [],
          "private": "eyJlMmJmYjczMC1lY2FhLTExZTYtOGY4OC0zNDM2M2JjN2M0YzAiOnsiY3JlYXRlIjozMDAwMDAwMDAwMDB9fQ==",
          "dependencies": [
            "module.project.google_project.project",
            "random_string.project_random"
          ]
        }
      ]
    },
    {
      "module": "module.service-account",
      "mode": "managed",
      "type": "google_service_account_iam_member",
      "name": "service_account_impersonation",
      "provider": "provider[\"registry.terraform.io/hashicorp/google-beta\"]",
      "instances": [
        {
          "schema_version": 0,
          "attributes": {
            "condition": [],
            "etag": "BwYZCc2HTa0=",
            "id": "projects/pkklyaq-nordic-hackathon-1/serviceAccounts/pkklyaq-nordic-hackathon-1@pkklyaq-nordic-hackathon-1.iam.gserviceaccount.com/roles/iam.serviceAccountTokenCreator/user:emil.breding@cygni.se",
            "member": "user:emil.breding@cygni.se",
            "role": "roles/iam.serviceAccountTokenCreator",
            "service_account_id": "projects/pkklyaq-nordic-hackathon-1/serviceAccounts/pkklyaq-nordic-hackathon-1@pkklyaq-nordic-hackathon-1.iam.gserviceaccount.com"
          },
          "sensitive_attributes": [],
          "private": "bnVsbA==",
          "dependencies": [
            "module.project.google_project.project",
            "module.service-account.google_service_account.service_account",
            "random_string.project_random"
          ]
        }
      ]
    }
  ],
  "check_results": null
}
